// !$*UTF8*$!
{
	archiveVersion = 1;
	classes = {
	};
	objectVersion = 55;
	objects = {

/* Begin PBXBuildFile section */
		04F4E9A7DB60A5B76854CE3F /* Pods_FoodPath__Camera.framework in Frameworks */ = {isa = PBXBuildFile; fileRef = E24C462C30D3A3194E8D4764 /* Pods_FoodPath__Camera.framework */; };
		4401DE2627632DE3002218CF /* savedFoodsViewController.swift in Sources */ = {isa = PBXBuildFile; fileRef = 4401DE2527632DE3002218CF /* savedFoodsViewController.swift */; };
		4410AE0127592AC4008F57F8 /* LogoAnimationViewController.swift in Sources */ = {isa = PBXBuildFile; fileRef = 4410AE0027592AC4008F57F8 /* LogoAnimationViewController.swift */; };
		4410AE0527593A09008F57F8 /* SwiftyGIFViewController.swift in Sources */ = {isa = PBXBuildFile; fileRef = 4410AE0427593A09008F57F8 /* SwiftyGIFViewController.swift */; };
		4410AE0827593B47008F57F8 /* launchScreen.gif in Resources */ = {isa = PBXBuildFile; fileRef = 4410AE0727593B47008F57F8 /* launchScreen.gif */; };
		4424073D2759783F00C9E2CD /* Food101.mlmodel in Sources */ = {isa = PBXBuildFile; fileRef = 4424073C2759783F00C9E2CD /* Food101.mlmodel */; };
		447E5D0627570C5E00EDCD7D /* MobileNet.mlmodel in Sources */ = {isa = PBXBuildFile; fileRef = 447E5D0527570C5E00EDCD7D /* MobileNet.mlmodel */; };
		447E5D0B27570CFD00EDCD7D /* foodPredictor.swift in Sources */ = {isa = PBXBuildFile; fileRef = 447E5D0A27570CFD00EDCD7D /* foodPredictor.swift */; };
		447E5D0E27570D9000EDCD7D /* CGImagePropertiesOrientation.swift in Sources */ = {isa = PBXBuildFile; fileRef = 447E5D0D27570D9000EDCD7D /* CGImagePropertiesOrientation.swift */; };
		447E5D1027570DFC00EDCD7D /* VNClassificationObservationConfidenceString.swift in Sources */ = {isa = PBXBuildFile; fileRef = 447E5D0F27570DFC00EDCD7D /* VNClassificationObservationConfidenceString.swift */; };
		447E5D122757151A00EDCD7D /* cameraPicker.swift in Sources */ = {isa = PBXBuildFile; fileRef = 447E5D112757151A00EDCD7D /* cameraPicker.swift */; };
		447E5D142757156500EDCD7D /* galleryPicker.swift in Sources */ = {isa = PBXBuildFile; fileRef = 447E5D132757156500EDCD7D /* galleryPicker.swift */; };
		44D757DF275C51400040FEA1 /* iconGIF.gif in Resources */ = {isa = PBXBuildFile; fileRef = 44D757DE275C51400040FEA1 /* iconGIF.gif */; };
		44D757E1275D96C30040FEA1 /* FoodPickerFromImageRecogViewController.swift in Sources */ = {isa = PBXBuildFile; fileRef = 44D757E0275D96C30040FEA1 /* FoodPickerFromImageRecogViewController.swift */; };
		44D757E4275D9C3D0040FEA1 /* foodDishTableViewCell.swift in Sources */ = {isa = PBXBuildFile; fileRef = 44D757E2275D9C3D0040FEA1 /* foodDishTableViewCell.swift */; };
		44D757E5275D9C3D0040FEA1 /* foodDishTableViewCell.xib in Resources */ = {isa = PBXBuildFile; fileRef = 44D757E3275D9C3D0040FEA1 /* foodDishTableViewCell.xib */; };
		44D757E7275DA8B40040FEA1 /* customGradientButton.swift in Sources */ = {isa = PBXBuildFile; fileRef = 44D757E6275DA8B40040FEA1 /* customGradientButton.swift */; };
		44D757EA275DB15A0040FEA1 /* recipesScreenViewController.swift in Sources */ = {isa = PBXBuildFile; fileRef = 44D757E9275DB15A0040FEA1 /* recipesScreenViewController.swift */; };
		44D757EC275DBFDE0040FEA1 /* recipesTableViewCell.swift in Sources */ = {isa = PBXBuildFile; fileRef = 44D757EB275DBFDE0040FEA1 /* recipesTableViewCell.swift */; };
		4F51F3B43C4EE7326544469C /* Pods_FoodPath__Camera_FoodPath__CameraUITests.framework in Frameworks */ = {isa = PBXBuildFile; fileRef = C27B2EA771142358ED5CB5B3 /* Pods_FoodPath__Camera_FoodPath__CameraUITests.framework */; };
		8843CF5C34013ADF0993C2D4 /* Pods_FoodPath__CameraTests.framework in Frameworks */ = {isa = PBXBuildFile; fileRef = 3B341FE8A36835613A54DB16 /* Pods_FoodPath__CameraTests.framework */; };
		E51E594D27543F1C007C9C13 /* RecipeOptionCell.swift in Sources */ = {isa = PBXBuildFile; fileRef = E51E594C27543F1B007C9C13 /* RecipeOptionCell.swift */; };
		E5C417062749EB7600F6CAC4 /* AppDelegate.swift in Sources */ = {isa = PBXBuildFile; fileRef = E5C417052749EB7600F6CAC4 /* AppDelegate.swift */; };
		E5C417082749EB7600F6CAC4 /* SceneDelegate.swift in Sources */ = {isa = PBXBuildFile; fileRef = E5C417072749EB7600F6CAC4 /* SceneDelegate.swift */; };
		E5C4170D2749EB7600F6CAC4 /* Main.storyboard in Resources */ = {isa = PBXBuildFile; fileRef = E5C4170B2749EB7600F6CAC4 /* Main.storyboard */; };
		E5C4170F2749EB7600F6CAC4 /* Assets.xcassets in Resources */ = {isa = PBXBuildFile; fileRef = E5C4170E2749EB7600F6CAC4 /* Assets.xcassets */; };
		E5C417122749EB7600F6CAC4 /* LaunchScreen.storyboard in Resources */ = {isa = PBXBuildFile; fileRef = E5C417102749EB7600F6CAC4 /* LaunchScreen.storyboard */; };
		E5C4171D2749EB7700F6CAC4 /* FoodPath__CameraTests.swift in Sources */ = {isa = PBXBuildFile; fileRef = E5C4171C2749EB7700F6CAC4 /* FoodPath__CameraTests.swift */; };
		E5C417272749EB7700F6CAC4 /* FoodPath__CameraUITests.swift in Sources */ = {isa = PBXBuildFile; fileRef = E5C417262749EB7700F6CAC4 /* FoodPath__CameraUITests.swift */; };
		E5C417292749EB7700F6CAC4 /* FoodPath__CameraUITestsLaunchTests.swift in Sources */ = {isa = PBXBuildFile; fileRef = E5C417282749EB7700F6CAC4 /* FoodPath__CameraUITestsLaunchTests.swift */; };
		E5C417362749EC7200F6CAC4 /* StreamViewController.swift in Sources */ = {isa = PBXBuildFile; fileRef = E5C417352749EC7200F6CAC4 /* StreamViewController.swift */; };
		E5C417382749ECDC00F6CAC4 /* ImageRecognitionViewController.swift in Sources */ = {isa = PBXBuildFile; fileRef = E5C417372749ECDC00F6CAC4 /* ImageRecognitionViewController.swift */; };
		E5CB31502761CC3D0055095C /* savedRecipesViewController.swift in Sources */ = {isa = PBXBuildFile; fileRef = E5CB314F2761CC3D0055095C /* savedRecipesViewController.swift */; };
		E5CB31522761CE180055095C /* savedFoodsTableViewCell.swift in Sources */ = {isa = PBXBuildFile; fileRef = E5CB31512761CE180055095C /* savedFoodsTableViewCell.swift */; };
		E5CB31542761CE610055095C /* savedRecipesTableViewCell.swift in Sources */ = {isa = PBXBuildFile; fileRef = E5CB31532761CE610055095C /* savedRecipesTableViewCell.swift */; };
		E5D046CF27534F3B00E93C94 /* IngredientsCell.swift in Sources */ = {isa = PBXBuildFile; fileRef = E5D046CE27534F3B00E93C94 /* IngredientsCell.swift */; };
		E5D046D12753586500E93C94 /* FoodPickerViewController.swift in Sources */ = {isa = PBXBuildFile; fileRef = E5D046D02753586500E93C94 /* FoodPickerViewController.swift */; };
/* End PBXBuildFile section */

/* Begin PBXContainerItemProxy section */
		E5C417192749EB7700F6CAC4 /* PBXContainerItemProxy */ = {
			isa = PBXContainerItemProxy;
			containerPortal = E5C416FA2749EB7600F6CAC4 /* Project object */;
			proxyType = 1;
			remoteGlobalIDString = E5C417012749EB7600F6CAC4;
			remoteInfo = "FoodPath--Camera";
		};
		E5C417232749EB7700F6CAC4 /* PBXContainerItemProxy */ = {
			isa = PBXContainerItemProxy;
			containerPortal = E5C416FA2749EB7600F6CAC4 /* Project object */;
			proxyType = 1;
			remoteGlobalIDString = E5C417012749EB7600F6CAC4;
			remoteInfo = "FoodPath--Camera";
		};
/* End PBXContainerItemProxy section */

/* Begin PBXFileReference section */
		0AFAD73A773FFB5369DF002A /* Pods-FoodPath--Camera.debug.xcconfig */ = {isa = PBXFileReference; includeInIndex = 1; lastKnownFileType = text.xcconfig; name = "Pods-FoodPath--Camera.debug.xcconfig"; path = "Target Support Files/Pods-FoodPath--Camera/Pods-FoodPath--Camera.debug.xcconfig"; sourceTree = "<group>"; };
		160FE7F62DEDA5E9561702C0 /* Pods-FoodPath--Camera-FoodPath--CameraUITests.release.xcconfig */ = {isa = PBXFileReference; includeInIndex = 1; lastKnownFileType = text.xcconfig; name = "Pods-FoodPath--Camera-FoodPath--CameraUITests.release.xcconfig"; path = "Target Support Files/Pods-FoodPath--Camera-FoodPath--CameraUITests/Pods-FoodPath--Camera-FoodPath--CameraUITests.release.xcconfig"; sourceTree = "<group>"; };
		2C801E93D585368B585668EB /* Pods-FoodPath--CameraTests.release.xcconfig */ = {isa = PBXFileReference; includeInIndex = 1; lastKnownFileType = text.xcconfig; name = "Pods-FoodPath--CameraTests.release.xcconfig"; path = "Target Support Files/Pods-FoodPath--CameraTests/Pods-FoodPath--CameraTests.release.xcconfig"; sourceTree = "<group>"; };
		3B341FE8A36835613A54DB16 /* Pods_FoodPath__CameraTests.framework */ = {isa = PBXFileReference; explicitFileType = wrapper.framework; includeInIndex = 0; path = Pods_FoodPath__CameraTests.framework; sourceTree = BUILT_PRODUCTS_DIR; };
		4401DE2527632DE3002218CF /* savedFoodsViewController.swift */ = {isa = PBXFileReference; lastKnownFileType = sourcecode.swift; path = savedFoodsViewController.swift; sourceTree = "<group>"; };
		4405E10D276024B700183A42 /* TAKENOTE.md */ = {isa = PBXFileReference; lastKnownFileType = net.daringfireball.markdown; path = TAKENOTE.md; sourceTree = "<group>"; };
		4410AE0027592AC4008F57F8 /* LogoAnimationViewController.swift */ = {isa = PBXFileReference; lastKnownFileType = sourcecode.swift; path = LogoAnimationViewController.swift; sourceTree = "<group>"; };
		4410AE0427593A09008F57F8 /* SwiftyGIFViewController.swift */ = {isa = PBXFileReference; lastKnownFileType = sourcecode.swift; path = SwiftyGIFViewController.swift; sourceTree = "<group>"; };
		4410AE0727593B47008F57F8 /* launchScreen.gif */ = {isa = PBXFileReference; lastKnownFileType = image.gif; name = launchScreen.gif; path = Assets/launchScreen.gif; sourceTree = SOURCE_ROOT; };
		4424073C2759783F00C9E2CD /* Food101.mlmodel */ = {isa = PBXFileReference; lastKnownFileType = file.mlmodel; name = Food101.mlmodel; path = "FoodPath--Camera/foodRecognizerML/Models/Food101.mlmodel"; sourceTree = SOURCE_ROOT; };
		447E5D0527570C5E00EDCD7D /* MobileNet.mlmodel */ = {isa = PBXFileReference; lastKnownFileType = file.mlmodel; path = MobileNet.mlmodel; sourceTree = "<group>"; };
		447E5D0A27570CFD00EDCD7D /* foodPredictor.swift */ = {isa = PBXFileReference; lastKnownFileType = sourcecode.swift; path = foodPredictor.swift; sourceTree = "<group>"; };
		447E5D0D27570D9000EDCD7D /* CGImagePropertiesOrientation.swift */ = {isa = PBXFileReference; lastKnownFileType = sourcecode.swift; path = CGImagePropertiesOrientation.swift; sourceTree = "<group>"; };
		447E5D0F27570DFC00EDCD7D /* VNClassificationObservationConfidenceString.swift */ = {isa = PBXFileReference; lastKnownFileType = sourcecode.swift; path = VNClassificationObservationConfidenceString.swift; sourceTree = "<group>"; };
		447E5D112757151A00EDCD7D /* cameraPicker.swift */ = {isa = PBXFileReference; lastKnownFileType = sourcecode.swift; path = cameraPicker.swift; sourceTree = "<group>"; };
		447E5D132757156500EDCD7D /* galleryPicker.swift */ = {isa = PBXFileReference; lastKnownFileType = sourcecode.swift; path = galleryPicker.swift; sourceTree = "<group>"; };
		44D757DE275C51400040FEA1 /* iconGIF.gif */ = {isa = PBXFileReference; lastKnownFileType = image.gif; path = iconGIF.gif; sourceTree = "<group>"; };
		44D757E0275D96C30040FEA1 /* FoodPickerFromImageRecogViewController.swift */ = {isa = PBXFileReference; lastKnownFileType = sourcecode.swift; path = FoodPickerFromImageRecogViewController.swift; sourceTree = "<group>"; };
		44D757E2275D9C3D0040FEA1 /* foodDishTableViewCell.swift */ = {isa = PBXFileReference; lastKnownFileType = sourcecode.swift; path = foodDishTableViewCell.swift; sourceTree = "<group>"; };
		44D757E3275D9C3D0040FEA1 /* foodDishTableViewCell.xib */ = {isa = PBXFileReference; lastKnownFileType = file.xib; path = foodDishTableViewCell.xib; sourceTree = "<group>"; };
		44D757E6275DA8B40040FEA1 /* customGradientButton.swift */ = {isa = PBXFileReference; lastKnownFileType = sourcecode.swift; path = customGradientButton.swift; sourceTree = "<group>"; };
		44D757E9275DB15A0040FEA1 /* recipesScreenViewController.swift */ = {isa = PBXFileReference; lastKnownFileType = sourcecode.swift; path = recipesScreenViewController.swift; sourceTree = "<group>"; };
		44D757EB275DBFDE0040FEA1 /* recipesTableViewCell.swift */ = {isa = PBXFileReference; lastKnownFileType = sourcecode.swift; path = recipesTableViewCell.swift; sourceTree = "<group>"; };
		82B2A8D7923C981C48F315B0 /* Pods-FoodPath--Camera-FoodPath--CameraUITests.debug.xcconfig */ = {isa = PBXFileReference; includeInIndex = 1; lastKnownFileType = text.xcconfig; name = "Pods-FoodPath--Camera-FoodPath--CameraUITests.debug.xcconfig"; path = "Target Support Files/Pods-FoodPath--Camera-FoodPath--CameraUITests/Pods-FoodPath--Camera-FoodPath--CameraUITests.debug.xcconfig"; sourceTree = "<group>"; };
		A940DF7CC485D6B0937FC6AD /* Pods-FoodPath--CameraTests.debug.xcconfig */ = {isa = PBXFileReference; includeInIndex = 1; lastKnownFileType = text.xcconfig; name = "Pods-FoodPath--CameraTests.debug.xcconfig"; path = "Target Support Files/Pods-FoodPath--CameraTests/Pods-FoodPath--CameraTests.debug.xcconfig"; sourceTree = "<group>"; };
		C27B2EA771142358ED5CB5B3 /* Pods_FoodPath__Camera_FoodPath__CameraUITests.framework */ = {isa = PBXFileReference; explicitFileType = wrapper.framework; includeInIndex = 0; path = Pods_FoodPath__Camera_FoodPath__CameraUITests.framework; sourceTree = BUILT_PRODUCTS_DIR; };
		E24C462C30D3A3194E8D4764 /* Pods_FoodPath__Camera.framework */ = {isa = PBXFileReference; explicitFileType = wrapper.framework; includeInIndex = 0; path = Pods_FoodPath__Camera.framework; sourceTree = BUILT_PRODUCTS_DIR; };
		E51E594C27543F1B007C9C13 /* RecipeOptionCell.swift */ = {isa = PBXFileReference; lastKnownFileType = sourcecode.swift; path = RecipeOptionCell.swift; sourceTree = "<group>"; };
		E5C417022749EB7600F6CAC4 /* FoodPath--Camera.app */ = {isa = PBXFileReference; explicitFileType = wrapper.application; includeInIndex = 0; path = "FoodPath--Camera.app"; sourceTree = BUILT_PRODUCTS_DIR; };
		E5C417052749EB7600F6CAC4 /* AppDelegate.swift */ = {isa = PBXFileReference; lastKnownFileType = sourcecode.swift; path = AppDelegate.swift; sourceTree = "<group>"; };
		E5C417072749EB7600F6CAC4 /* SceneDelegate.swift */ = {isa = PBXFileReference; lastKnownFileType = sourcecode.swift; path = SceneDelegate.swift; sourceTree = "<group>"; };
		E5C4170C2749EB7600F6CAC4 /* Base */ = {isa = PBXFileReference; lastKnownFileType = file.storyboard; name = Base; path = Base.lproj/Main.storyboard; sourceTree = "<group>"; };
		E5C4170E2749EB7600F6CAC4 /* Assets.xcassets */ = {isa = PBXFileReference; lastKnownFileType = folder.assetcatalog; path = Assets.xcassets; sourceTree = "<group>"; };
		E5C417112749EB7600F6CAC4 /* Base */ = {isa = PBXFileReference; lastKnownFileType = file.storyboard; name = Base; path = Base.lproj/LaunchScreen.storyboard; sourceTree = "<group>"; };
		E5C417132749EB7600F6CAC4 /* Info.plist */ = {isa = PBXFileReference; lastKnownFileType = text.plist.xml; path = Info.plist; sourceTree = "<group>"; };
		E5C417182749EB7700F6CAC4 /* FoodPath--CameraTests.xctest */ = {isa = PBXFileReference; explicitFileType = wrapper.cfbundle; includeInIndex = 0; path = "FoodPath--CameraTests.xctest"; sourceTree = BUILT_PRODUCTS_DIR; };
		E5C4171C2749EB7700F6CAC4 /* FoodPath__CameraTests.swift */ = {isa = PBXFileReference; lastKnownFileType = sourcecode.swift; path = FoodPath__CameraTests.swift; sourceTree = "<group>"; };
		E5C417222749EB7700F6CAC4 /* FoodPath--CameraUITests.xctest */ = {isa = PBXFileReference; explicitFileType = wrapper.cfbundle; includeInIndex = 0; path = "FoodPath--CameraUITests.xctest"; sourceTree = BUILT_PRODUCTS_DIR; };
		E5C417262749EB7700F6CAC4 /* FoodPath__CameraUITests.swift */ = {isa = PBXFileReference; lastKnownFileType = sourcecode.swift; path = FoodPath__CameraUITests.swift; sourceTree = "<group>"; };
		E5C417282749EB7700F6CAC4 /* FoodPath__CameraUITestsLaunchTests.swift */ = {isa = PBXFileReference; lastKnownFileType = sourcecode.swift; path = FoodPath__CameraUITestsLaunchTests.swift; sourceTree = "<group>"; };
		E5C417352749EC7200F6CAC4 /* StreamViewController.swift */ = {isa = PBXFileReference; lastKnownFileType = sourcecode.swift; path = StreamViewController.swift; sourceTree = "<group>"; };
		E5C417372749ECDC00F6CAC4 /* ImageRecognitionViewController.swift */ = {isa = PBXFileReference; lastKnownFileType = sourcecode.swift; path = ImageRecognitionViewController.swift; sourceTree = "<group>"; };
		E5CB314F2761CC3D0055095C /* savedRecipesViewController.swift */ = {isa = PBXFileReference; lastKnownFileType = sourcecode.swift; path = savedRecipesViewController.swift; sourceTree = "<group>"; };
		E5CB31512761CE180055095C /* savedFoodsTableViewCell.swift */ = {isa = PBXFileReference; lastKnownFileType = sourcecode.swift; path = savedFoodsTableViewCell.swift; sourceTree = "<group>"; };
		E5CB31532761CE610055095C /* savedRecipesTableViewCell.swift */ = {isa = PBXFileReference; lastKnownFileType = sourcecode.swift; path = savedRecipesTableViewCell.swift; sourceTree = "<group>"; };
		E5D046CE27534F3B00E93C94 /* IngredientsCell.swift */ = {isa = PBXFileReference; lastKnownFileType = sourcecode.swift; path = IngredientsCell.swift; sourceTree = "<group>"; };
		E5D046D02753586500E93C94 /* FoodPickerViewController.swift */ = {isa = PBXFileReference; lastKnownFileType = sourcecode.swift; path = FoodPickerViewController.swift; sourceTree = "<group>"; };
		F165A6E3ACF5FA96DA2383C4 /* Pods-FoodPath--Camera.release.xcconfig */ = {isa = PBXFileReference; includeInIndex = 1; lastKnownFileType = text.xcconfig; name = "Pods-FoodPath--Camera.release.xcconfig"; path = "Target Support Files/Pods-FoodPath--Camera/Pods-FoodPath--Camera.release.xcconfig"; sourceTree = "<group>"; };
/* End PBXFileReference section */

/* Begin PBXFrameworksBuildPhase section */
		E5C416FF2749EB7600F6CAC4 /* Frameworks */ = {
			isa = PBXFrameworksBuildPhase;
			buildActionMask = 2147483647;
			files = (
				04F4E9A7DB60A5B76854CE3F /* Pods_FoodPath__Camera.framework in Frameworks */,
			);
			runOnlyForDeploymentPostprocessing = 0;
		};
		E5C417152749EB7700F6CAC4 /* Frameworks */ = {
			isa = PBXFrameworksBuildPhase;
			buildActionMask = 2147483647;
			files = (
				8843CF5C34013ADF0993C2D4 /* Pods_FoodPath__CameraTests.framework in Frameworks */,
			);
			runOnlyForDeploymentPostprocessing = 0;
		};
		E5C4171F2749EB7700F6CAC4 /* Frameworks */ = {
			isa = PBXFrameworksBuildPhase;
			buildActionMask = 2147483647;
			files = (
				4F51F3B43C4EE7326544469C /* Pods_FoodPath__Camera_FoodPath__CameraUITests.framework in Frameworks */,
			);
			runOnlyForDeploymentPostprocessing = 0;
		};
/* End PBXFrameworksBuildPhase section */

/* Begin PBXGroup section */
		21FFF40FE565D79BC273197E /* Frameworks */ = {
			isa = PBXGroup;
			children = (
				E24C462C30D3A3194E8D4764 /* Pods_FoodPath__Camera.framework */,
				C27B2EA771142358ED5CB5B3 /* Pods_FoodPath__Camera_FoodPath__CameraUITests.framework */,
				3B341FE8A36835613A54DB16 /* Pods_FoodPath__CameraTests.framework */,
			);
			name = Frameworks;
			sourceTree = "<group>";
		};
		4405E10E2760299100183A42 /* foodPickerScreen */ = {
			isa = PBXGroup;
			children = (
				E51E594C27543F1B007C9C13 /* RecipeOptionCell.swift */,
				E5D046D02753586500E93C94 /* FoodPickerViewController.swift */,
			);
			path = foodPickerScreen;
			sourceTree = "<group>";
		};
		4410AE0627593B29008F57F8 /* gifAssets */ = {
			isa = PBXGroup;
			children = (
				44D757DE275C51400040FEA1 /* iconGIF.gif */,
				4410AE0727593B47008F57F8 /* launchScreen.gif */,
			);
			path = gifAssets;
			sourceTree = "<group>";
		};
		4410AE0B2759516C008F57F8 /* imageRecognitionScreen */ = {
			isa = PBXGroup;
			children = (
				E5C417372749ECDC00F6CAC4 /* ImageRecognitionViewController.swift */,
				447E5D112757151A00EDCD7D /* cameraPicker.swift */,
				447E5D132757156500EDCD7D /* galleryPicker.swift */,
				447E5D0727570C8F00EDCD7D /* foodRecognizerML */,
			);
			path = imageRecognitionScreen;
			sourceTree = "<group>";
		};
		4410AE0C27595190008F57F8 /* launchScreen */ = {
			isa = PBXGroup;
			children = (
				4410AE0627593B29008F57F8 /* gifAssets */,
				4410AE0427593A09008F57F8 /* SwiftyGIFViewController.swift */,
				4410AE0027592AC4008F57F8 /* LogoAnimationViewController.swift */,
			);
			path = launchScreen;
			sourceTree = "<group>";
		};
		4410AE0D275951B8008F57F8 /* streamScreen */ = {
			isa = PBXGroup;
			children = (
				E5D046CE27534F3B00E93C94 /* IngredientsCell.swift */,
				E5C417352749EC7200F6CAC4 /* StreamViewController.swift */,
			);
			path = streamScreen;
			sourceTree = "<group>";
		};
		4477D927275F4900004C7F44 /* foodPickerFromImageScreen */ = {
			isa = PBXGroup;
			children = (
				44D757E0275D96C30040FEA1 /* FoodPickerFromImageRecogViewController.swift */,
				44D757E2275D9C3D0040FEA1 /* foodDishTableViewCell.swift */,
				44D757E3275D9C3D0040FEA1 /* foodDishTableViewCell.xib */,
			);
			path = foodPickerFromImageScreen;
			sourceTree = "<group>";
		};
		4477D928275F4954004C7F44 /* customElementAsset */ = {
			isa = PBXGroup;
			children = (
				44D757E6275DA8B40040FEA1 /* customGradientButton.swift */,
			);
			path = customElementAsset;
			sourceTree = "<group>";
		};
		447E5D0727570C8F00EDCD7D /* foodRecognizerML */ = {
			isa = PBXGroup;
			children = (
				447E5D0C27570D7A00EDCD7D /* extensions */,
				447E5D0927570CBF00EDCD7D /* foodPredictor */,
				447E5D0827570CAB00EDCD7D /* Models */,
			);
			path = foodRecognizerML;
			sourceTree = "<group>";
		};
		447E5D0827570CAB00EDCD7D /* Models */ = {
			isa = PBXGroup;
			children = (
				447E5D0527570C5E00EDCD7D /* MobileNet.mlmodel */,
				4424073C2759783F00C9E2CD /* Food101.mlmodel */,
			);
			path = Models;
			sourceTree = "<group>";
		};
		447E5D0927570CBF00EDCD7D /* foodPredictor */ = {
			isa = PBXGroup;
			children = (
				447E5D0A27570CFD00EDCD7D /* foodPredictor.swift */,
			);
			path = foodPredictor;
			sourceTree = "<group>";
		};
		447E5D0C27570D7A00EDCD7D /* extensions */ = {
			isa = PBXGroup;
			children = (
				447E5D0D27570D9000EDCD7D /* CGImagePropertiesOrientation.swift */,
				447E5D0F27570DFC00EDCD7D /* VNClassificationObservationConfidenceString.swift */,
			);
			path = extensions;
			sourceTree = "<group>";
		};
		44D757E8275DB1380040FEA1 /* recipesScreen */ = {
			isa = PBXGroup;
			children = (
				44D757E9275DB15A0040FEA1 /* recipesScreenViewController.swift */,
				44D757EB275DBFDE0040FEA1 /* recipesTableViewCell.swift */,
			);
			path = recipesScreen;
			sourceTree = "<group>";
		};
		D5FAB5DAC000D8099D20F433 /* Pods */ = {
			isa = PBXGroup;
			children = (
				0AFAD73A773FFB5369DF002A /* Pods-FoodPath--Camera.debug.xcconfig */,
				F165A6E3ACF5FA96DA2383C4 /* Pods-FoodPath--Camera.release.xcconfig */,
				82B2A8D7923C981C48F315B0 /* Pods-FoodPath--Camera-FoodPath--CameraUITests.debug.xcconfig */,
				160FE7F62DEDA5E9561702C0 /* Pods-FoodPath--Camera-FoodPath--CameraUITests.release.xcconfig */,
				A940DF7CC485D6B0937FC6AD /* Pods-FoodPath--CameraTests.debug.xcconfig */,
				2C801E93D585368B585668EB /* Pods-FoodPath--CameraTests.release.xcconfig */,
			);
			path = Pods;
			sourceTree = "<group>";
		};
		E5C416F92749EB7600F6CAC4 = {
			isa = PBXGroup;
			children = (
				E5C417042749EB7600F6CAC4 /* FoodPath--Camera */,
				E5C4171B2749EB7700F6CAC4 /* FoodPath--CameraTests */,
				E5C417252749EB7700F6CAC4 /* FoodPath--CameraUITests */,
				E5C417032749EB7600F6CAC4 /* Products */,
				D5FAB5DAC000D8099D20F433 /* Pods */,
				21FFF40FE565D79BC273197E /* Frameworks */,
			);
			sourceTree = "<group>";
		};
		E5C417032749EB7600F6CAC4 /* Products */ = {
			isa = PBXGroup;
			children = (
				E5C417022749EB7600F6CAC4 /* FoodPath--Camera.app */,
				E5C417182749EB7700F6CAC4 /* FoodPath--CameraTests.xctest */,
				E5C417222749EB7700F6CAC4 /* FoodPath--CameraUITests.xctest */,
			);
			name = Products;
			sourceTree = "<group>";
		};
		E5C417042749EB7600F6CAC4 /* FoodPath--Camera */ = {
			isa = PBXGroup;
			children = (
				E5CB314E2761CC0C0055095C /* savedRecipes */,
				4405E10E2760299100183A42 /* foodPickerScreen */,
				4477D928275F4954004C7F44 /* customElementAsset */,
				4477D927275F4900004C7F44 /* foodPickerFromImageScreen */,
				44D757E8275DB1380040FEA1 /* recipesScreen */,
				4410AE0D275951B8008F57F8 /* streamScreen */,
				4410AE0C27595190008F57F8 /* launchScreen */,
				4410AE0B2759516C008F57F8 /* imageRecognitionScreen */,
				E5C417052749EB7600F6CAC4 /* AppDelegate.swift */,
				E5C417072749EB7600F6CAC4 /* SceneDelegate.swift */,
				E5C4170B2749EB7600F6CAC4 /* Main.storyboard */,
				E5C4170E2749EB7600F6CAC4 /* Assets.xcassets */,
				E5C417102749EB7600F6CAC4 /* LaunchScreen.storyboard */,
				E5C417132749EB7600F6CAC4 /* Info.plist */,
				4405E10D276024B700183A42 /* TAKENOTE.md */,
			);
			path = "FoodPath--Camera";
			sourceTree = "<group>";
		};
		E5C4171B2749EB7700F6CAC4 /* FoodPath--CameraTests */ = {
			isa = PBXGroup;
			children = (
				E5C4171C2749EB7700F6CAC4 /* FoodPath__CameraTests.swift */,
			);
			path = "FoodPath--CameraTests";
			sourceTree = "<group>";
		};
		E5C417252749EB7700F6CAC4 /* FoodPath--CameraUITests */ = {
			isa = PBXGroup;
			children = (
				E5C417262749EB7700F6CAC4 /* FoodPath__CameraUITests.swift */,
				E5C417282749EB7700F6CAC4 /* FoodPath__CameraUITestsLaunchTests.swift */,
			);
			path = "FoodPath--CameraUITests";
			sourceTree = "<group>";
		};
		E5CB314E2761CC0C0055095C /* savedRecipes */ = {
			isa = PBXGroup;
			children = (
				E5CB314F2761CC3D0055095C /* savedRecipesViewController.swift */,
				E5CB31512761CE180055095C /* savedFoodsTableViewCell.swift */,
				E5CB31532761CE610055095C /* savedRecipesTableViewCell.swift */,
				4401DE2527632DE3002218CF /* savedFoodsViewController.swift */,
			);
			path = savedRecipes;
			sourceTree = "<group>";
		};
/* End PBXGroup section */

/* Begin PBXNativeTarget section */
		E5C417012749EB7600F6CAC4 /* FoodPath--Camera */ = {
			isa = PBXNativeTarget;
			buildConfigurationList = E5C4172C2749EB7700F6CAC4 /* Build configuration list for PBXNativeTarget "FoodPath--Camera" */;
			buildPhases = (
				3B397C7618AF01F01FA74781 /* [CP] Check Pods Manifest.lock */,
				E5C416FE2749EB7600F6CAC4 /* Sources */,
				E5C416FF2749EB7600F6CAC4 /* Frameworks */,
				E5C417002749EB7600F6CAC4 /* Resources */,
				F64E971E514E31879E5C3F17 /* [CP] Embed Pods Frameworks */,
			);
			buildRules = (
			);
			dependencies = (
			);
			name = "FoodPath--Camera";
			productName = "FoodPath--Camera";
			productReference = E5C417022749EB7600F6CAC4 /* FoodPath--Camera.app */;
			productType = "com.apple.product-type.application";
		};
		E5C417172749EB7700F6CAC4 /* FoodPath--CameraTests */ = {
			isa = PBXNativeTarget;
			buildConfigurationList = E5C4172F2749EB7700F6CAC4 /* Build configuration list for PBXNativeTarget "FoodPath--CameraTests" */;
			buildPhases = (
				AA01504DE6FBFCCD593EF5F5 /* [CP] Check Pods Manifest.lock */,
				E5C417142749EB7700F6CAC4 /* Sources */,
				E5C417152749EB7700F6CAC4 /* Frameworks */,
				E5C417162749EB7700F6CAC4 /* Resources */,
			);
			buildRules = (
			);
			dependencies = (
				E5C4171A2749EB7700F6CAC4 /* PBXTargetDependency */,
			);
			name = "FoodPath--CameraTests";
			productName = "FoodPath--CameraTests";
			productReference = E5C417182749EB7700F6CAC4 /* FoodPath--CameraTests.xctest */;
			productType = "com.apple.product-type.bundle.unit-test";
		};
		E5C417212749EB7700F6CAC4 /* FoodPath--CameraUITests */ = {
			isa = PBXNativeTarget;
			buildConfigurationList = E5C417322749EB7700F6CAC4 /* Build configuration list for PBXNativeTarget "FoodPath--CameraUITests" */;
			buildPhases = (
				AFF838973E21959B7F8DE0F5 /* [CP] Check Pods Manifest.lock */,
				E5C4171E2749EB7700F6CAC4 /* Sources */,
				E5C4171F2749EB7700F6CAC4 /* Frameworks */,
				E5C417202749EB7700F6CAC4 /* Resources */,
				E53CC57D61B16B2D5D6A039E /* [CP] Embed Pods Frameworks */,
			);
			buildRules = (
			);
			dependencies = (
				E5C417242749EB7700F6CAC4 /* PBXTargetDependency */,
			);
			name = "FoodPath--CameraUITests";
			productName = "FoodPath--CameraUITests";
			productReference = E5C417222749EB7700F6CAC4 /* FoodPath--CameraUITests.xctest */;
			productType = "com.apple.product-type.bundle.ui-testing";
		};
/* End PBXNativeTarget section */

/* Begin PBXProject section */
		E5C416FA2749EB7600F6CAC4 /* Project object */ = {
			isa = PBXProject;
			attributes = {
				BuildIndependentTargetsInParallel = 1;
				LastSwiftUpdateCheck = 1310;
				LastUpgradeCheck = 1310;
				TargetAttributes = {
					E5C417012749EB7600F6CAC4 = {
						CreatedOnToolsVersion = 13.1;
					};
					E5C417172749EB7700F6CAC4 = {
						CreatedOnToolsVersion = 13.1;
						TestTargetID = E5C417012749EB7600F6CAC4;
					};
					E5C417212749EB7700F6CAC4 = {
						CreatedOnToolsVersion = 13.1;
						TestTargetID = E5C417012749EB7600F6CAC4;
					};
				};
			};
			buildConfigurationList = E5C416FD2749EB7600F6CAC4 /* Build configuration list for PBXProject "FoodPath--Camera" */;
			compatibilityVersion = "Xcode 13.0";
			developmentRegion = en;
			hasScannedForEncodings = 0;
			knownRegions = (
				en,
				Base,
			);
			mainGroup = E5C416F92749EB7600F6CAC4;
			productRefGroup = E5C417032749EB7600F6CAC4 /* Products */;
			projectDirPath = "";
			projectRoot = "";
			targets = (
				E5C417012749EB7600F6CAC4 /* FoodPath--Camera */,
				E5C417172749EB7700F6CAC4 /* FoodPath--CameraTests */,
				E5C417212749EB7700F6CAC4 /* FoodPath--CameraUITests */,
			);
		};
/* End PBXProject section */

/* Begin PBXResourcesBuildPhase section */
		E5C417002749EB7600F6CAC4 /* Resources */ = {
			isa = PBXResourcesBuildPhase;
			buildActionMask = 2147483647;
			files = (
				E5C417122749EB7600F6CAC4 /* LaunchScreen.storyboard in Resources */,
				44D757DF275C51400040FEA1 /* iconGIF.gif in Resources */,
				E5C4170F2749EB7600F6CAC4 /* Assets.xcassets in Resources */,
				44D757E5275D9C3D0040FEA1 /* foodDishTableViewCell.xib in Resources */,
				E5C4170D2749EB7600F6CAC4 /* Main.storyboard in Resources */,
				4410AE0827593B47008F57F8 /* launchScreen.gif in Resources */,
			);
			runOnlyForDeploymentPostprocessing = 0;
		};
		E5C417162749EB7700F6CAC4 /* Resources */ = {
			isa = PBXResourcesBuildPhase;
			buildActionMask = 2147483647;
			files = (
			);
			runOnlyForDeploymentPostprocessing = 0;
		};
		E5C417202749EB7700F6CAC4 /* Resources */ = {
			isa = PBXResourcesBuildPhase;
			buildActionMask = 2147483647;
			files = (
			);
			runOnlyForDeploymentPostprocessing = 0;
		};
/* End PBXResourcesBuildPhase section */

/* Begin PBXShellScriptBuildPhase section */
		3B397C7618AF01F01FA74781 /* [CP] Check Pods Manifest.lock */ = {
			isa = PBXShellScriptBuildPhase;
			buildActionMask = 2147483647;
			files = (
			);
			inputFileListPaths = (
			);
			inputPaths = (
				"${PODS_PODFILE_DIR_PATH}/Podfile.lock",
				"${PODS_ROOT}/Manifest.lock",
			);
			name = "[CP] Check Pods Manifest.lock";
			outputFileListPaths = (
			);
			outputPaths = (
				"$(DERIVED_FILE_DIR)/Pods-FoodPath--Camera-checkManifestLockResult.txt",
			);
			runOnlyForDeploymentPostprocessing = 0;
			shellPath = /bin/sh;
			shellScript = "diff \"${PODS_PODFILE_DIR_PATH}/Podfile.lock\" \"${PODS_ROOT}/Manifest.lock\" > /dev/null\nif [ $? != 0 ] ; then\n    # print error to STDERR\n    echo \"error: The sandbox is not in sync with the Podfile.lock. Run 'pod install' or update your CocoaPods installation.\" >&2\n    exit 1\nfi\n# This output is used by Xcode 'outputs' to avoid re-running this script phase.\necho \"SUCCESS\" > \"${SCRIPT_OUTPUT_FILE_0}\"\n";
			showEnvVarsInLog = 0;
		};
		AA01504DE6FBFCCD593EF5F5 /* [CP] Check Pods Manifest.lock */ = {
			isa = PBXShellScriptBuildPhase;
			buildActionMask = 2147483647;
			files = (
			);
			inputFileListPaths = (
			);
			inputPaths = (
				"${PODS_PODFILE_DIR_PATH}/Podfile.lock",
				"${PODS_ROOT}/Manifest.lock",
			);
			name = "[CP] Check Pods Manifest.lock";
			outputFileListPaths = (
			);
			outputPaths = (
				"$(DERIVED_FILE_DIR)/Pods-FoodPath--CameraTests-checkManifestLockResult.txt",
			);
			runOnlyForDeploymentPostprocessing = 0;
			shellPath = /bin/sh;
			shellScript = "diff \"${PODS_PODFILE_DIR_PATH}/Podfile.lock\" \"${PODS_ROOT}/Manifest.lock\" > /dev/null\nif [ $? != 0 ] ; then\n    # print error to STDERR\n    echo \"error: The sandbox is not in sync with the Podfile.lock. Run 'pod install' or update your CocoaPods installation.\" >&2\n    exit 1\nfi\n# This output is used by Xcode 'outputs' to avoid re-running this script phase.\necho \"SUCCESS\" > \"${SCRIPT_OUTPUT_FILE_0}\"\n";
			showEnvVarsInLog = 0;
		};
		AFF838973E21959B7F8DE0F5 /* [CP] Check Pods Manifest.lock */ = {
			isa = PBXShellScriptBuildPhase;
			buildActionMask = 2147483647;
			files = (
			);
			inputFileListPaths = (
			);
			inputPaths = (
				"${PODS_PODFILE_DIR_PATH}/Podfile.lock",
				"${PODS_ROOT}/Manifest.lock",
			);
			name = "[CP] Check Pods Manifest.lock";
			outputFileListPaths = (
			);
			outputPaths = (
				"$(DERIVED_FILE_DIR)/Pods-FoodPath--Camera-FoodPath--CameraUITests-checkManifestLockResult.txt",
			);
			runOnlyForDeploymentPostprocessing = 0;
			shellPath = /bin/sh;
			shellScript = "diff \"${PODS_PODFILE_DIR_PATH}/Podfile.lock\" \"${PODS_ROOT}/Manifest.lock\" > /dev/null\nif [ $? != 0 ] ; then\n    # print error to STDERR\n    echo \"error: The sandbox is not in sync with the Podfile.lock. Run 'pod install' or update your CocoaPods installation.\" >&2\n    exit 1\nfi\n# This output is used by Xcode 'outputs' to avoid re-running this script phase.\necho \"SUCCESS\" > \"${SCRIPT_OUTPUT_FILE_0}\"\n";
			showEnvVarsInLog = 0;
		};
		E53CC57D61B16B2D5D6A039E /* [CP] Embed Pods Frameworks */ = {
			isa = PBXShellScriptBuildPhase;
			buildActionMask = 2147483647;
			files = (
			);
			inputFileListPaths = (
				"${PODS_ROOT}/Target Support Files/Pods-FoodPath--Camera-FoodPath--CameraUITests/Pods-FoodPath--Camera-FoodPath--CameraUITests-frameworks-${CONFIGURATION}-input-files.xcfilelist",
			);
			name = "[CP] Embed Pods Frameworks";
			outputFileListPaths = (
				"${PODS_ROOT}/Target Support Files/Pods-FoodPath--Camera-FoodPath--CameraUITests/Pods-FoodPath--Camera-FoodPath--CameraUITests-frameworks-${CONFIGURATION}-output-files.xcfilelist",
			);
			runOnlyForDeploymentPostprocessing = 0;
			shellPath = /bin/sh;
			shellScript = "\"${PODS_ROOT}/Target Support Files/Pods-FoodPath--Camera-FoodPath--CameraUITests/Pods-FoodPath--Camera-FoodPath--CameraUITests-frameworks.sh\"\n";
			showEnvVarsInLog = 0;
		};
		F64E971E514E31879E5C3F17 /* [CP] Embed Pods Frameworks */ = {
			isa = PBXShellScriptBuildPhase;
			buildActionMask = 2147483647;
			files = (
			);
			inputFileListPaths = (
				"${PODS_ROOT}/Target Support Files/Pods-FoodPath--Camera/Pods-FoodPath--Camera-frameworks-${CONFIGURATION}-input-files.xcfilelist",
			);
			name = "[CP] Embed Pods Frameworks";
			outputFileListPaths = (
				"${PODS_ROOT}/Target Support Files/Pods-FoodPath--Camera/Pods-FoodPath--Camera-frameworks-${CONFIGURATION}-output-files.xcfilelist",
			);
			runOnlyForDeploymentPostprocessing = 0;
			shellPath = /bin/sh;
			shellScript = "\"${PODS_ROOT}/Target Support Files/Pods-FoodPath--Camera/Pods-FoodPath--Camera-frameworks.sh\"\n";
			showEnvVarsInLog = 0;
		};
/* End PBXShellScriptBuildPhase section */

/* Begin PBXSourcesBuildPhase section */
		E5C416FE2749EB7600F6CAC4 /* Sources */ = {
			isa = PBXSourcesBuildPhase;
			buildActionMask = 2147483647;
			files = (
				447E5D0627570C5E00EDCD7D /* MobileNet.mlmodel in Sources */,
				44D757EC275DBFDE0040FEA1 /* recipesTableViewCell.swift in Sources */,
				E5CB31502761CC3D0055095C /* savedRecipesViewController.swift in Sources */,
				447E5D1027570DFC00EDCD7D /* VNClassificationObservationConfidenceString.swift in Sources */,
				447E5D142757156500EDCD7D /* galleryPicker.swift in Sources */,
				E5C417062749EB7600F6CAC4 /* AppDelegate.swift in Sources */,
				4410AE0127592AC4008F57F8 /* LogoAnimationViewController.swift in Sources */,
				E5C417082749EB7600F6CAC4 /* SceneDelegate.swift in Sources */,
				447E5D122757151A00EDCD7D /* cameraPicker.swift in Sources */,
				E5CB31522761CE180055095C /* savedFoodsTableViewCell.swift in Sources */,
				44D757EA275DB15A0040FEA1 /* recipesScreenViewController.swift in Sources */,
				E5CB31542761CE610055095C /* savedRecipesTableViewCell.swift in Sources */,
				4410AE0527593A09008F57F8 /* SwiftyGIFViewController.swift in Sources */,
				4401DE2627632DE3002218CF /* savedFoodsViewController.swift in Sources */,
				44D757E4275D9C3D0040FEA1 /* foodDishTableViewCell.swift in Sources */,
				4424073D2759783F00C9E2CD /* Food101.mlmodel in Sources */,
				E5D046CF27534F3B00E93C94 /* IngredientsCell.swift in Sources */,
				E5C417382749ECDC00F6CAC4 /* ImageRecognitionViewController.swift in Sources */,
				447E5D0E27570D9000EDCD7D /* CGImagePropertiesOrientation.swift in Sources */,
				E5D046D12753586500E93C94 /* FoodPickerViewController.swift in Sources */,
				44D757E7275DA8B40040FEA1 /* customGradientButton.swift in Sources */,
				E5C417362749EC7200F6CAC4 /* StreamViewController.swift in Sources */,
				E51E594D27543F1C007C9C13 /* RecipeOptionCell.swift in Sources */,
				44D757E1275D96C30040FEA1 /* FoodPickerFromImageRecogViewController.swift in Sources */,
				447E5D0B27570CFD00EDCD7D /* foodPredictor.swift in Sources */,
			);
			runOnlyForDeploymentPostprocessing = 0;
		};
		E5C417142749EB7700F6CAC4 /* Sources */ = {
			isa = PBXSourcesBuildPhase;
			buildActionMask = 2147483647;
			files = (
				E5C4171D2749EB7700F6CAC4 /* FoodPath__CameraTests.swift in Sources */,
			);
			runOnlyForDeploymentPostprocessing = 0;
		};
		E5C4171E2749EB7700F6CAC4 /* Sources */ = {
			isa = PBXSourcesBuildPhase;
			buildActionMask = 2147483647;
			files = (
				E5C417292749EB7700F6CAC4 /* FoodPath__CameraUITestsLaunchTests.swift in Sources */,
				E5C417272749EB7700F6CAC4 /* FoodPath__CameraUITests.swift in Sources */,
			);
			runOnlyForDeploymentPostprocessing = 0;
		};
/* End PBXSourcesBuildPhase section */

/* Begin PBXTargetDependency section */
		E5C4171A2749EB7700F6CAC4 /* PBXTargetDependency */ = {
			isa = PBXTargetDependency;
			target = E5C417012749EB7600F6CAC4 /* FoodPath--Camera */;
			targetProxy = E5C417192749EB7700F6CAC4 /* PBXContainerItemProxy */;
		};
		E5C417242749EB7700F6CAC4 /* PBXTargetDependency */ = {
			isa = PBXTargetDependency;
			target = E5C417012749EB7600F6CAC4 /* FoodPath--Camera */;
			targetProxy = E5C417232749EB7700F6CAC4 /* PBXContainerItemProxy */;
		};
/* End PBXTargetDependency section */

/* Begin PBXVariantGroup section */
		E5C4170B2749EB7600F6CAC4 /* Main.storyboard */ = {
			isa = PBXVariantGroup;
			children = (
				E5C4170C2749EB7600F6CAC4 /* Base */,
			);
			name = Main.storyboard;
			sourceTree = "<group>";
		};
		E5C417102749EB7600F6CAC4 /* LaunchScreen.storyboard */ = {
			isa = PBXVariantGroup;
			children = (
				E5C417112749EB7600F6CAC4 /* Base */,
			);
			name = LaunchScreen.storyboard;
			sourceTree = "<group>";
		};
/* End PBXVariantGroup section */

/* Begin XCBuildConfiguration section */
		E5C4172A2749EB7700F6CAC4 /* Debug */ = {
			isa = XCBuildConfiguration;
			buildSettings = {
				ALWAYS_SEARCH_USER_PATHS = NO;
				CLANG_ANALYZER_NONNULL = YES;
				CLANG_ANALYZER_NUMBER_OBJECT_CONVERSION = YES_AGGRESSIVE;
				CLANG_CXX_LANGUAGE_STANDARD = "gnu++17";
				CLANG_CXX_LIBRARY = "libc++";
				CLANG_ENABLE_MODULES = YES;
				CLANG_ENABLE_OBJC_ARC = YES;
				CLANG_ENABLE_OBJC_WEAK = YES;
				CLANG_WARN_BLOCK_CAPTURE_AUTORELEASING = YES;
				CLANG_WARN_BOOL_CONVERSION = YES;
				CLANG_WARN_COMMA = YES;
				CLANG_WARN_CONSTANT_CONVERSION = YES;
				CLANG_WARN_DEPRECATED_OBJC_IMPLEMENTATIONS = YES;
				CLANG_WARN_DIRECT_OBJC_ISA_USAGE = YES_ERROR;
				CLANG_WARN_DOCUMENTATION_COMMENTS = YES;
				CLANG_WARN_EMPTY_BODY = YES;
				CLANG_WARN_ENUM_CONVERSION = YES;
				CLANG_WARN_INFINITE_RECURSION = YES;
				CLANG_WARN_INT_CONVERSION = YES;
				CLANG_WARN_NON_LITERAL_NULL_CONVERSION = YES;
				CLANG_WARN_OBJC_IMPLICIT_RETAIN_SELF = YES;
				CLANG_WARN_OBJC_LITERAL_CONVERSION = YES;
				CLANG_WARN_OBJC_ROOT_CLASS = YES_ERROR;
				CLANG_WARN_QUOTED_INCLUDE_IN_FRAMEWORK_HEADER = YES;
				CLANG_WARN_RANGE_LOOP_ANALYSIS = YES;
				CLANG_WARN_STRICT_PROTOTYPES = YES;
				CLANG_WARN_SUSPICIOUS_MOVE = YES;
				CLANG_WARN_UNGUARDED_AVAILABILITY = YES_AGGRESSIVE;
				CLANG_WARN_UNREACHABLE_CODE = YES;
				CLANG_WARN__DUPLICATE_METHOD_MATCH = YES;
				COPY_PHASE_STRIP = NO;
				DEBUG_INFORMATION_FORMAT = dwarf;
				ENABLE_STRICT_OBJC_MSGSEND = YES;
				ENABLE_TESTABILITY = YES;
				GCC_C_LANGUAGE_STANDARD = gnu11;
				GCC_DYNAMIC_NO_PIC = NO;
				GCC_NO_COMMON_BLOCKS = YES;
				GCC_OPTIMIZATION_LEVEL = 0;
				GCC_PREPROCESSOR_DEFINITIONS = (
					"DEBUG=1",
					"$(inherited)",
				);
				GCC_WARN_64_TO_32_BIT_CONVERSION = YES;
				GCC_WARN_ABOUT_RETURN_TYPE = YES_ERROR;
				GCC_WARN_UNDECLARED_SELECTOR = YES;
				GCC_WARN_UNINITIALIZED_AUTOS = YES_AGGRESSIVE;
				GCC_WARN_UNUSED_FUNCTION = YES;
				GCC_WARN_UNUSED_VARIABLE = YES;
				IPHONEOS_DEPLOYMENT_TARGET = 15.0;
				MTL_ENABLE_DEBUG_INFO = INCLUDE_SOURCE;
				MTL_FAST_MATH = YES;
				ONLY_ACTIVE_ARCH = YES;
				SDKROOT = iphoneos;
				SWIFT_ACTIVE_COMPILATION_CONDITIONS = DEBUG;
				SWIFT_OPTIMIZATION_LEVEL = "-Onone";
			};
			name = Debug;
		};
		E5C4172B2749EB7700F6CAC4 /* Release */ = {
			isa = XCBuildConfiguration;
			buildSettings = {
				ALWAYS_SEARCH_USER_PATHS = NO;
				CLANG_ANALYZER_NONNULL = YES;
				CLANG_ANALYZER_NUMBER_OBJECT_CONVERSION = YES_AGGRESSIVE;
				CLANG_CXX_LANGUAGE_STANDARD = "gnu++17";
				CLANG_CXX_LIBRARY = "libc++";
				CLANG_ENABLE_MODULES = YES;
				CLANG_ENABLE_OBJC_ARC = YES;
				CLANG_ENABLE_OBJC_WEAK = YES;
				CLANG_WARN_BLOCK_CAPTURE_AUTORELEASING = YES;
				CLANG_WARN_BOOL_CONVERSION = YES;
				CLANG_WARN_COMMA = YES;
				CLANG_WARN_CONSTANT_CONVERSION = YES;
				CLANG_WARN_DEPRECATED_OBJC_IMPLEMENTATIONS = YES;
				CLANG_WARN_DIRECT_OBJC_ISA_USAGE = YES_ERROR;
				CLANG_WARN_DOCUMENTATION_COMMENTS = YES;
				CLANG_WARN_EMPTY_BODY = YES;
				CLANG_WARN_ENUM_CONVERSION = YES;
				CLANG_WARN_INFINITE_RECURSION = YES;
				CLANG_WARN_INT_CONVERSION = YES;
				CLANG_WARN_NON_LITERAL_NULL_CONVERSION = YES;
				CLANG_WARN_OBJC_IMPLICIT_RETAIN_SELF = YES;
				CLANG_WARN_OBJC_LITERAL_CONVERSION = YES;
				CLANG_WARN_OBJC_ROOT_CLASS = YES_ERROR;
				CLANG_WARN_QUOTED_INCLUDE_IN_FRAMEWORK_HEADER = YES;
				CLANG_WARN_RANGE_LOOP_ANALYSIS = YES;
				CLANG_WARN_STRICT_PROTOTYPES = YES;
				CLANG_WARN_SUSPICIOUS_MOVE = YES;
				CLANG_WARN_UNGUARDED_AVAILABILITY = YES_AGGRESSIVE;
				CLANG_WARN_UNREACHABLE_CODE = YES;
				CLANG_WARN__DUPLICATE_METHOD_MATCH = YES;
				COPY_PHASE_STRIP = NO;
				DEBUG_INFORMATION_FORMAT = "dwarf-with-dsym";
				ENABLE_NS_ASSERTIONS = NO;
				ENABLE_STRICT_OBJC_MSGSEND = YES;
				GCC_C_LANGUAGE_STANDARD = gnu11;
				GCC_NO_COMMON_BLOCKS = YES;
				GCC_WARN_64_TO_32_BIT_CONVERSION = YES;
				GCC_WARN_ABOUT_RETURN_TYPE = YES_ERROR;
				GCC_WARN_UNDECLARED_SELECTOR = YES;
				GCC_WARN_UNINITIALIZED_AUTOS = YES_AGGRESSIVE;
				GCC_WARN_UNUSED_FUNCTION = YES;
				GCC_WARN_UNUSED_VARIABLE = YES;
				IPHONEOS_DEPLOYMENT_TARGET = 15.0;
				MTL_ENABLE_DEBUG_INFO = NO;
				MTL_FAST_MATH = YES;
				SDKROOT = iphoneos;
				SWIFT_COMPILATION_MODE = wholemodule;
				SWIFT_OPTIMIZATION_LEVEL = "-O";
				VALIDATE_PRODUCT = YES;
			};
			name = Release;
		};
		E5C4172D2749EB7700F6CAC4 /* Debug */ = {
			isa = XCBuildConfiguration;
			baseConfigurationReference = 0AFAD73A773FFB5369DF002A /* Pods-FoodPath--Camera.debug.xcconfig */;
			buildSettings = {
				ASSETCATALOG_COMPILER_APPICON_NAME = AppIcon;
				ASSETCATALOG_COMPILER_GLOBAL_ACCENT_COLOR_NAME = AccentColor;
				CODE_SIGN_STYLE = Automatic;
				CURRENT_PROJECT_VERSION = 1;
				DEVELOPMENT_TEAM = "";
				GENERATE_INFOPLIST_FILE = YES;
				INFOPLIST_FILE = "FoodPath--Camera/Info.plist";
				INFOPLIST_KEY_CFBundleDisplayName = FoodPath_Main;
				INFOPLIST_KEY_NSCameraUsageDescription = "Please Allow Access To Camera";
				INFOPLIST_KEY_UIApplicationSupportsIndirectInputEvents = YES;
				INFOPLIST_KEY_UILaunchStoryboardName = LaunchScreen;
				INFOPLIST_KEY_UIMainStoryboardFile = Main;
				INFOPLIST_KEY_UISupportedInterfaceOrientations_iPad = "UIInterfaceOrientationPortrait UIInterfaceOrientationPortraitUpsideDown UIInterfaceOrientationLandscapeLeft UIInterfaceOrientationLandscapeRight";
				INFOPLIST_KEY_UISupportedInterfaceOrientations_iPhone = "UIInterfaceOrientationPortrait UIInterfaceOrientationLandscapeLeft UIInterfaceOrientationLandscapeRight";
				LD_RUNPATH_SEARCH_PATHS = (
					"$(inherited)",
					"@executable_path/Frameworks",
				);
				MARKETING_VERSION = 1.0;
				PRODUCT_BUNDLE_IDENTIFIER = "FoodPath-Deployment";
				PRODUCT_NAME = "$(TARGET_NAME)";
				SWIFT_EMIT_LOC_STRINGS = YES;
				SWIFT_VERSION = 5.0;
				TARGETED_DEVICE_FAMILY = 1;
			};
			name = Debug;
		};
		E5C4172E2749EB7700F6CAC4 /* Release */ = {
			isa = XCBuildConfiguration;
			baseConfigurationReference = F165A6E3ACF5FA96DA2383C4 /* Pods-FoodPath--Camera.release.xcconfig */;
			buildSettings = {
				ASSETCATALOG_COMPILER_APPICON_NAME = AppIcon;
				ASSETCATALOG_COMPILER_GLOBAL_ACCENT_COLOR_NAME = AccentColor;
				CODE_SIGN_STYLE = Automatic;
				CURRENT_PROJECT_VERSION = 1;
				DEVELOPMENT_TEAM = "";
				GENERATE_INFOPLIST_FILE = YES;
				INFOPLIST_FILE = "FoodPath--Camera/Info.plist";
				INFOPLIST_KEY_CFBundleDisplayName = FoodPath_Main;
				INFOPLIST_KEY_NSCameraUsageDescription = "Please Allow Access To Camera";
				INFOPLIST_KEY_UIApplicationSupportsIndirectInputEvents = YES;
				INFOPLIST_KEY_UILaunchStoryboardName = LaunchScreen;
				INFOPLIST_KEY_UIMainStoryboardFile = Main;
				INFOPLIST_KEY_UISupportedInterfaceOrientations_iPad = "UIInterfaceOrientationPortrait UIInterfaceOrientationPortraitUpsideDown UIInterfaceOrientationLandscapeLeft UIInterfaceOrientationLandscapeRight";
				INFOPLIST_KEY_UISupportedInterfaceOrientations_iPhone = "UIInterfaceOrientationPortrait UIInterfaceOrientationLandscapeLeft UIInterfaceOrientationLandscapeRight";
				LD_RUNPATH_SEARCH_PATHS = (
					"$(inherited)",
					"@executable_path/Frameworks",
				);
				MARKETING_VERSION = 1.0;
				PRODUCT_BUNDLE_IDENTIFIER = "FoodPath-Deployment";
				PRODUCT_NAME = "$(TARGET_NAME)";
				SWIFT_EMIT_LOC_STRINGS = YES;
				SWIFT_VERSION = 5.0;
				TARGETED_DEVICE_FAMILY = 1;
			};
			name = Release;
		};
		E5C417302749EB7700F6CAC4 /* Debug */ = {
			isa = XCBuildConfiguration;
			baseConfigurationReference = A940DF7CC485D6B0937FC6AD /* Pods-FoodPath--CameraTests.debug.xcconfig */;
			buildSettings = {
				ALWAYS_EMBED_SWIFT_STANDARD_LIBRARIES = YES;
				BUNDLE_LOADER = "$(TEST_HOST)";
				CODE_SIGN_STYLE = Automatic;
				CURRENT_PROJECT_VERSION = 1;
				GENERATE_INFOPLIST_FILE = YES;
				IPHONEOS_DEPLOYMENT_TARGET = 15.0;
				LD_RUNPATH_SEARCH_PATHS = (
					"$(inherited)",
					"@executable_path/Frameworks",
					"@loader_path/Frameworks",
				);
				MARKETING_VERSION = 1.0;
				PRODUCT_BUNDLE_IDENTIFIER = "Kim-Chheu.FoodPath--CameraTests";
				PRODUCT_NAME = "$(TARGET_NAME)";
				SWIFT_EMIT_LOC_STRINGS = NO;
				SWIFT_VERSION = 5.0;
				TARGETED_DEVICE_FAMILY = "1,2";
				TEST_HOST = "$(BUILT_PRODUCTS_DIR)/FoodPath--Camera.app/FoodPath--Camera";
			};
			name = Debug;
		};
		E5C417312749EB7700F6CAC4 /* Release */ = {
			isa = XCBuildConfiguration;
			baseConfigurationReference = 2C801E93D585368B585668EB /* Pods-FoodPath--CameraTests.release.xcconfig */;
			buildSettings = {
				ALWAYS_EMBED_SWIFT_STANDARD_LIBRARIES = YES;
				BUNDLE_LOADER = "$(TEST_HOST)";
				CODE_SIGN_STYLE = Automatic;
				CURRENT_PROJECT_VERSION = 1;
				GENERATE_INFOPLIST_FILE = YES;
				IPHONEOS_DEPLOYMENT_TARGET = 15.0;
				LD_RUNPATH_SEARCH_PATHS = (
					"$(inherited)",
					"@executable_path/Frameworks",
					"@loader_path/Frameworks",
				);
				MARKETING_VERSION = 1.0;
				PRODUCT_BUNDLE_IDENTIFIER = "Kim-Chheu.FoodPath--CameraTests";
				PRODUCT_NAME = "$(TARGET_NAME)";
				SWIFT_EMIT_LOC_STRINGS = NO;
				SWIFT_VERSION = 5.0;
				TARGETED_DEVICE_FAMILY = "1,2";
				TEST_HOST = "$(BUILT_PRODUCTS_DIR)/FoodPath--Camera.app/FoodPath--Camera";
			};
			name = Release;
		};
		E5C417332749EB7700F6CAC4 /* Debug */ = {
			isa = XCBuildConfiguration;
			baseConfigurationReference = 82B2A8D7923C981C48F315B0 /* Pods-FoodPath--Camera-FoodPath--CameraUITests.debug.xcconfig */;
			buildSettings = {
				ALWAYS_EMBED_SWIFT_STANDARD_LIBRARIES = YES;
				CODE_SIGN_STYLE = Automatic;
				CURRENT_PROJECT_VERSION = 1;
				GENERATE_INFOPLIST_FILE = YES;
				LD_RUNPATH_SEARCH_PATHS = (
					"$(inherited)",
					"@executable_path/Frameworks",
					"@loader_path/Frameworks",
				);
				MARKETING_VERSION = 1.0;
				PRODUCT_BUNDLE_IDENTIFIER = "Kim-Chheu.FoodPath--CameraUITests";
				PRODUCT_NAME = "$(TARGET_NAME)";
				SWIFT_EMIT_LOC_STRINGS = NO;
				SWIFT_VERSION = 5.0;
				TARGETED_DEVICE_FAMILY = "1,2";
				TEST_TARGET_NAME = "FoodPath--Camera";
			};
			name = Debug;
		};
		E5C417342749EB7700F6CAC4 /* Release */ = {
			isa = XCBuildConfiguration;
			baseConfigurationReference = 160FE7F62DEDA5E9561702C0 /* Pods-FoodPath--Camera-FoodPath--CameraUITests.release.xcconfig */;
			buildSettings = {
				ALWAYS_EMBED_SWIFT_STANDARD_LIBRARIES = YES;
				CODE_SIGN_STYLE = Automatic;
				CURRENT_PROJECT_VERSION = 1;
				GENERATE_INFOPLIST_FILE = YES;
				LD_RUNPATH_SEARCH_PATHS = (
					"$(inherited)",
					"@executable_path/Frameworks",
					"@loader_path/Frameworks",
				);
				MARKETING_VERSION = 1.0;
				PRODUCT_BUNDLE_IDENTIFIER = "Kim-Chheu.FoodPath--CameraUITests";
				PRODUCT_NAME = "$(TARGET_NAME)";
				SWIFT_EMIT_LOC_STRINGS = NO;
				SWIFT_VERSION = 5.0;
				TARGETED_DEVICE_FAMILY = "1,2";
				TEST_TARGET_NAME = "FoodPath--Camera";
			};
			name = Release;
		};
/* End XCBuildConfiguration section */

/* Begin XCConfigurationList section */
		E5C416FD2749EB7600F6CAC4 /* Build configuration list for PBXProject "FoodPath--Camera" */ = {
			isa = XCConfigurationList;
			buildConfigurations = (
				E5C4172A2749EB7700F6CAC4 /* Debug */,
				E5C4172B2749EB7700F6CAC4 /* Release */,
			);
			defaultConfigurationIsVisible = 0;
			defaultConfigurationName = Release;
		};
		E5C4172C2749EB7700F6CAC4 /* Build configuration list for PBXNativeTarget "FoodPath--Camera" */ = {
			isa = XCConfigurationList;
			buildConfigurations = (
				E5C4172D2749EB7700F6CAC4 /* Debug */,
				E5C4172E2749EB7700F6CAC4 /* Release */,
			);
			defaultConfigurationIsVisible = 0;
			defaultConfigurationName = Release;
		};
		E5C4172F2749EB7700F6CAC4 /* Build configuration list for PBXNativeTarget "FoodPath--CameraTests" */ = {
			isa = XCConfigurationList;
			buildConfigurations = (
				E5C417302749EB7700F6CAC4 /* Debug */,
				E5C417312749EB7700F6CAC4 /* Release */,
			);
			defaultConfigurationIsVisible = 0;
			defaultConfigurationName = Release;
		};
		E5C417322749EB7700F6CAC4 /* Build configuration list for PBXNativeTarget "FoodPath--CameraUITests" */ = {
			isa = XCConfigurationList;
			buildConfigurations = (
				E5C417332749EB7700F6CAC4 /* Debug */,
				E5C417342749EB7700F6CAC4 /* Release */,
			);
			defaultConfigurationIsVisible = 0;
			defaultConfigurationName = Release;
		};
/* End XCConfigurationList section */
	};
	rootObject = E5C416FA2749EB7600F6CAC4 /* Project object */;
}
