// !$*UTF8*$!
{
	archiveVersion = 1;
	classes = {
	};
	objectVersion = 55;
	objects = {

/* Begin PBXBuildFile section */
		44B777102749C1F600759104 /* Tests_iOS.swift in Sources */ = {isa = PBXBuildFile; fileRef = 44B7770F2749C1F600759104 /* Tests_iOS.swift */; };
		44B777122749C1F600759104 /* Tests_iOSLaunchTests.swift in Sources */ = {isa = PBXBuildFile; fileRef = 44B777112749C1F600759104 /* Tests_iOSLaunchTests.swift */; };
		44B7771C2749C1F600759104 /* Tests_macOS.swift in Sources */ = {isa = PBXBuildFile; fileRef = 44B7771B2749C1F600759104 /* Tests_macOS.swift */; };
		44B7771E2749C1F600759104 /* Tests_macOSLaunchTests.swift in Sources */ = {isa = PBXBuildFile; fileRef = 44B7771D2749C1F600759104 /* Tests_macOSLaunchTests.swift */; };
		44B7771F2749C1F600759104 /* foodpathApp.swift in Sources */ = {isa = PBXBuildFile; fileRef = 44B776F72749C1F500759104 /* foodpathApp.swift */; };
		44B777202749C1F600759104 /* foodpathApp.swift in Sources */ = {isa = PBXBuildFile; fileRef = 44B776F72749C1F500759104 /* foodpathApp.swift */; };
		44B777212749C1F600759104 /* ContentView.swift in Sources */ = {isa = PBXBuildFile; fileRef = 44B776F82749C1F500759104 /* ContentView.swift */; };
		44B777222749C1F600759104 /* ContentView.swift in Sources */ = {isa = PBXBuildFile; fileRef = 44B776F82749C1F500759104 /* ContentView.swift */; };
		44B777232749C1F600759104 /* Assets.xcassets in Resources */ = {isa = PBXBuildFile; fileRef = 44B776F92749C1F600759104 /* Assets.xcassets */; };
		44B777242749C1F600759104 /* Assets.xcassets in Resources */ = {isa = PBXBuildFile; fileRef = 44B776F92749C1F600759104 /* Assets.xcassets */; };
/* End PBXBuildFile section */

/* Begin PBXContainerItemProxy section */
		44B7770C2749C1F600759104 /* PBXContainerItemProxy */ = {
			isa = PBXContainerItemProxy;
			containerPortal = 44B776F22749C1F500759104 /* Project object */;
			proxyType = 1;
			remoteGlobalIDString = 44B776FD2749C1F600759104;
			remoteInfo = "foodpath (iOS)";
		};
		44B777182749C1F600759104 /* PBXContainerItemProxy */ = {
			isa = PBXContainerItemProxy;
			containerPortal = 44B776F22749C1F500759104 /* Project object */;
			proxyType = 1;
			remoteGlobalIDString = 44B777032749C1F600759104;
			remoteInfo = "foodpath (macOS)";
		};
/* End PBXContainerItemProxy section */

/* Begin PBXFileReference section */
		44B776F72749C1F500759104 /* foodpathApp.swift */ = {isa = PBXFileReference; lastKnownFileType = sourcecode.swift; path = foodpathApp.swift; sourceTree = "<group>"; };
		44B776F82749C1F500759104 /* ContentView.swift */ = {isa = PBXFileReference; lastKnownFileType = sourcecode.swift; path = ContentView.swift; sourceTree = "<group>"; };
		44B776F92749C1F600759104 /* Assets.xcassets */ = {isa = PBXFileReference; lastKnownFileType = folder.assetcatalog; path = Assets.xcassets; sourceTree = "<group>"; };
		44B776FE2749C1F600759104 /* foodpath.app */ = {isa = PBXFileReference; explicitFileType = wrapper.application; includeInIndex = 0; path = foodpath.app; sourceTree = BUILT_PRODUCTS_DIR; };
		44B777042749C1F600759104 /* foodpath.app */ = {isa = PBXFileReference; explicitFileType = wrapper.application; includeInIndex = 0; path = foodpath.app; sourceTree = BUILT_PRODUCTS_DIR; };
		44B777062749C1F600759104 /* macOS.entitlements */ = {isa = PBXFileReference; lastKnownFileType = text.plist.entitlements; path = macOS.entitlements; sourceTree = "<group>"; };
		44B7770B2749C1F600759104 /* Tests iOS.xctest */ = {isa = PBXFileReference; explicitFileType = wrapper.cfbundle; includeInIndex = 0; path = "Tests iOS.xctest"; sourceTree = BUILT_PRODUCTS_DIR; };
		44B7770F2749C1F600759104 /* Tests_iOS.swift */ = {isa = PBXFileReference; lastKnownFileType = sourcecode.swift; path = Tests_iOS.swift; sourceTree = "<group>"; };
		44B777112749C1F600759104 /* Tests_iOSLaunchTests.swift */ = {isa = PBXFileReference; lastKnownFileType = sourcecode.swift; path = Tests_iOSLaunchTests.swift; sourceTree = "<group>"; };
		44B777172749C1F600759104 /* Tests macOS.xctest */ = {isa = PBXFileReference; explicitFileType = wrapper.cfbundle; includeInIndex = 0; path = "Tests macOS.xctest"; sourceTree = BUILT_PRODUCTS_DIR; };
		44B7771B2749C1F600759104 /* Tests_macOS.swift */ = {isa = PBXFileReference; lastKnownFileType = sourcecode.swift; path = Tests_macOS.swift; sourceTree = "<group>"; };
		44B7771D2749C1F600759104 /* Tests_macOSLaunchTests.swift */ = {isa = PBXFileReference; lastKnownFileType = sourcecode.swift; path = Tests_macOSLaunchTests.swift; sourceTree = "<group>"; };
/* End PBXFileReference section */

/* Begin PBXFrameworksBuildPhase section */
		44B776FB2749C1F600759104 /* Frameworks */ = {
			isa = PBXFrameworksBuildPhase;
			buildActionMask = 2147483647;
			files = (
			);
			runOnlyForDeploymentPostprocessing = 0;
		};
		44B777012749C1F600759104 /* Frameworks */ = {
			isa = PBXFrameworksBuildPhase;
			buildActionMask = 2147483647;
			files = (
			);
			runOnlyForDeploymentPostprocessing = 0;
		};
		44B777082749C1F600759104 /* Frameworks */ = {
			isa = PBXFrameworksBuildPhase;
			buildActionMask = 2147483647;
			files = (
			);
			runOnlyForDeploymentPostprocessing = 0;
		};
		44B777142749C1F600759104 /* Frameworks */ = {
			isa = PBXFrameworksBuildPhase;
			buildActionMask = 2147483647;
			files = (
			);
			runOnlyForDeploymentPostprocessing = 0;
		};
/* End PBXFrameworksBuildPhase section */

/* Begin PBXGroup section */
		44B776F12749C1F500759104 = {
			isa = PBXGroup;
			children = (
				44B776F62749C1F500759104 /* Shared */,
				44B777052749C1F600759104 /* macOS */,
				44B7770E2749C1F600759104 /* Tests iOS */,
				44B7771A2749C1F600759104 /* Tests macOS */,
				44B776FF2749C1F600759104 /* Products */,
			);
			sourceTree = "<group>";
		};
		44B776F62749C1F500759104 /* Shared */ = {
			isa = PBXGroup;
			children = (
				44B776F72749C1F500759104 /* foodpathApp.swift */,
				44B776F82749C1F500759104 /* ContentView.swift */,
				44B776F92749C1F600759104 /* Assets.xcassets */,
			);
			path = Shared;
			sourceTree = "<group>";
		};
		44B776FF2749C1F600759104 /* Products */ = {
			isa = PBXGroup;
			children = (
				44B776FE2749C1F600759104 /* foodpath.app */,
				44B777042749C1F600759104 /* foodpath.app */,
				44B7770B2749C1F600759104 /* Tests iOS.xctest */,
				44B777172749C1F600759104 /* Tests macOS.xctest */,
			);
			name = Products;
			sourceTree = "<group>";
		};
		44B777052749C1F600759104 /* macOS */ = {
			isa = PBXGroup;
			children = (
				44B777062749C1F600759104 /* macOS.entitlements */,
			);
			path = macOS;
			sourceTree = "<group>";
		};
		44B7770E2749C1F600759104 /* Tests iOS */ = {
			isa = PBXGroup;
			children = (
				44B7770F2749C1F600759104 /* Tests_iOS.swift */,
				44B777112749C1F600759104 /* Tests_iOSLaunchTests.swift */,
			);
			path = "Tests iOS";
			sourceTree = "<group>";
		};
		44B7771A2749C1F600759104 /* Tests macOS */ = {
			isa = PBXGroup;
			children = (
				44B7771B2749C1F600759104 /* Tests_macOS.swift */,
				44B7771D2749C1F600759104 /* Tests_macOSLaunchTests.swift */,
			);
			path = "Tests macOS";
			sourceTree = "<group>";
		};
/* End PBXGroup section */

/* Begin PBXNativeTarget section */
		44B776FD2749C1F600759104 /* foodpath (iOS) */ = {
			isa = PBXNativeTarget;
			buildConfigurationList = 44B777272749C1F600759104 /* Build configuration list for PBXNativeTarget "foodpath (iOS)" */;
			buildPhases = (
				44B776FA2749C1F600759104 /* Sources */,
				44B776FB2749C1F600759104 /* Frameworks */,
				44B776FC2749C1F600759104 /* Resources */,
			);
			buildRules = (
			);
			dependencies = (
			);
			name = "foodpath (iOS)";
			productName = "foodpath (iOS)";
			productReference = 44B776FE2749C1F600759104 /* foodpath.app */;
			productType = "com.apple.product-type.application";
		};
		44B777032749C1F600759104 /* foodpath (macOS) */ = {
			isa = PBXNativeTarget;
			buildConfigurationList = 44B7772A2749C1F600759104 /* Build configuration list for PBXNativeTarget "foodpath (macOS)" */;
			buildPhases = (
				44B777002749C1F600759104 /* Sources */,
				44B777012749C1F600759104 /* Frameworks */,
				44B777022749C1F600759104 /* Resources */,
			);
			buildRules = (
			);
			dependencies = (
			);
			name = "foodpath (macOS)";
			productName = "foodpath (macOS)";
			productReference = 44B777042749C1F600759104 /* foodpath.app */;
			productType = "com.apple.product-type.application";
		};
		44B7770A2749C1F600759104 /* Tests iOS */ = {
			isa = PBXNativeTarget;
			buildConfigurationList = 44B7772D2749C1F600759104 /* Build configuration list for PBXNativeTarget "Tests iOS" */;
			buildPhases = (
				44B777072749C1F600759104 /* Sources */,
				44B777082749C1F600759104 /* Frameworks */,
				44B777092749C1F600759104 /* Resources */,
			);
			buildRules = (
			);
			dependencies = (
				44B7770D2749C1F600759104 /* PBXTargetDependency */,
			);
			name = "Tests iOS";
			productName = "Tests iOS";
			productReference = 44B7770B2749C1F600759104 /* Tests iOS.xctest */;
			productType = "com.apple.product-type.bundle.ui-testing";
		};
		44B777162749C1F600759104 /* Tests macOS */ = {
			isa = PBXNativeTarget;
			buildConfigurationList = 44B777302749C1F600759104 /* Build configuration list for PBXNativeTarget "Tests macOS" */;
			buildPhases = (
				44B777132749C1F600759104 /* Sources */,
				44B777142749C1F600759104 /* Frameworks */,
				44B777152749C1F600759104 /* Resources */,
			);
			buildRules = (
			);
			dependencies = (
				44B777192749C1F600759104 /* PBXTargetDependency */,
			);
			name = "Tests macOS";
			productName = "Tests macOS";
			productReference = 44B777172749C1F600759104 /* Tests macOS.xctest */;
			productType = "com.apple.product-type.bundle.ui-testing";
		};
/* End PBXNativeTarget section */

/* Begin PBXProject section */
		44B776F22749C1F500759104 /* Project object */ = {
			isa = PBXProject;
			attributes = {
				BuildIndependentTargetsInParallel = 1;
				LastSwiftUpdateCheck = 1310;
				LastUpgradeCheck = 1310;
				TargetAttributes = {
					44B776FD2749C1F600759104 = {
						CreatedOnToolsVersion = 13.1;
					};
					44B777032749C1F600759104 = {
						CreatedOnToolsVersion = 13.1;
					};
					44B7770A2749C1F600759104 = {
						CreatedOnToolsVersion = 13.1;
						TestTargetID = 44B776FD2749C1F600759104;
					};
					44B777162749C1F600759104 = {
						CreatedOnToolsVersion = 13.1;
						TestTargetID = 44B777032749C1F600759104;
					};
				};
			};
			buildConfigurationList = 44B776F52749C1F500759104 /* Build configuration list for PBXProject "foodpath" */;
			compatibilityVersion = "Xcode 13.0";
			developmentRegion = en;
			hasScannedForEncodings = 0;
			knownRegions = (
				en,
				Base,
			);
			mainGroup = 44B776F12749C1F500759104;
			productRefGroup = 44B776FF2749C1F600759104 /* Products */;
			projectDirPath = "";
			projectRoot = "";
			targets = (
				44B776FD2749C1F600759104 /* foodpath (iOS) */,
				44B777032749C1F600759104 /* foodpath (macOS) */,
				44B7770A2749C1F600759104 /* Tests iOS */,
				44B777162749C1F600759104 /* Tests macOS */,
			);
		};
/* End PBXProject section */

/* Begin PBXResourcesBuildPhase section */
		44B776FC2749C1F600759104 /* Resources */ = {
			isa = PBXResourcesBuildPhase;
			buildActionMask = 2147483647;
			files = (
				44B777232749C1F600759104 /* Assets.xcassets in Resources */,
			);
			runOnlyForDeploymentPostprocessing = 0;
		};
		44B777022749C1F600759104 /* Resources */ = {
			isa = PBXResourcesBuildPhase;
			buildActionMask = 2147483647;
			files = (
				44B777242749C1F600759104 /* Assets.xcassets in Resources */,
			);
			runOnlyForDeploymentPostprocessing = 0;
		};
		44B777092749C1F600759104 /* Resources */ = {
			isa = PBXResourcesBuildPhase;
			buildActionMask = 2147483647;
			files = (
			);
			runOnlyForDeploymentPostprocessing = 0;
		};
		44B777152749C1F600759104 /* Resources */ = {
			isa = PBXResourcesBuildPhase;
			buildActionMask = 2147483647;
			files = (
			);
			runOnlyForDeploymentPostprocessing = 0;
		};
/* End PBXResourcesBuildPhase section */

/* Begin PBXSourcesBuildPhase section */
		44B776FA2749C1F600759104 /* Sources */ = {
			isa = PBXSourcesBuildPhase;
			buildActionMask = 2147483647;
			files = (
				44B777212749C1F600759104 /* ContentView.swift in Sources */,
				44B7771F2749C1F600759104 /* foodpathApp.swift in Sources */,
			);
			runOnlyForDeploymentPostprocessing = 0;
		};
		44B777002749C1F600759104 /* Sources */ = {
			isa = PBXSourcesBuildPhase;
			buildActionMask = 2147483647;
			files = (
				44B777222749C1F600759104 /* ContentView.swift in Sources */,
				44B777202749C1F600759104 /* foodpathApp.swift in Sources */,
			);
			runOnlyForDeploymentPostprocessing = 0;
		};
		44B777072749C1F600759104 /* Sources */ = {
			isa = PBXSourcesBuildPhase;
			buildActionMask = 2147483647;
			files = (
				44B777122749C1F600759104 /* Tests_iOSLaunchTests.swift in Sources */,
				44B777102749C1F600759104 /* Tests_iOS.swift in Sources */,
			);
			runOnlyForDeploymentPostprocessing = 0;
		};
		44B777132749C1F600759104 /* Sources */ = {
			isa = PBXSourcesBuildPhase;
			buildActionMask = 2147483647;
			files = (
				44B7771E2749C1F600759104 /* Tests_macOSLaunchTests.swift in Sources */,
				44B7771C2749C1F600759104 /* Tests_macOS.swift in Sources */,
			);
			runOnlyForDeploymentPostprocessing = 0;
		};
/* End PBXSourcesBuildPhase section */

/* Begin PBXTargetDependency section */
		44B7770D2749C1F600759104 /* PBXTargetDependency */ = {
			isa = PBXTargetDependency;
			target = 44B776FD2749C1F600759104 /* foodpath (iOS) */;
			targetProxy = 44B7770C2749C1F600759104 /* PBXContainerItemProxy */;
		};
		44B777192749C1F600759104 /* PBXTargetDependency */ = {
			isa = PBXTargetDependency;
			target = 44B777032749C1F600759104 /* foodpath (macOS) */;
			targetProxy = 44B777182749C1F600759104 /* PBXContainerItemProxy */;
		};
/* End PBXTargetDependency section */

/* Begin XCBuildConfiguration section */
		44B777252749C1F600759104 /* Debug */ = {
			isa = XCBuildConfiguration;
			buildSettings = {
				ALWAYS_SEARCH_USER_PATHS = NO;
				CLANG_ANALYZER_NONNULL = YES;
				CLANG_ANALYZER_NUMBER_OBJECT_CONVERSION = YES_AGGRESSIVE;
				CLANG_CXX_LANGUAGE_STANDARD = "gnu++17";
				CLANG_CXX_LIBRARY = "libc++";
				CLANG_ENABLE_MODULES = YES;
				CLANG_ENABLE_OBJC_ARC = YES;
				CLANG_ENABLE_OBJC_WEAK = YES;
				CLANG_WARN_BLOCK_CAPTURE_AUTORELEASING = YES;
				CLANG_WARN_BOOL_CONVERSION = YES;
				CLANG_WARN_COMMA = YES;
				CLANG_WARN_CONSTANT_CONVERSION = YES;
				CLANG_WARN_DEPRECATED_OBJC_IMPLEMENTATIONS = YES;
				CLANG_WARN_DIRECT_OBJC_ISA_USAGE = YES_ERROR;
				CLANG_WARN_DOCUMENTATION_COMMENTS = YES;
				CLANG_WARN_EMPTY_BODY = YES;
				CLANG_WARN_ENUM_CONVERSION = YES;
				CLANG_WARN_INFINITE_RECURSION = YES;
				CLANG_WARN_INT_CONVERSION = YES;
				CLANG_WARN_NON_LITERAL_NULL_CONVERSION = YES;
				CLANG_WARN_OBJC_IMPLICIT_RETAIN_SELF = YES;
				CLANG_WARN_OBJC_LITERAL_CONVERSION = YES;
				CLANG_WARN_OBJC_ROOT_CLASS = YES_ERROR;
				CLANG_WARN_QUOTED_INCLUDE_IN_FRAMEWORK_HEADER = YES;
				CLANG_WARN_RANGE_LOOP_ANALYSIS = YES;
				CLANG_WARN_STRICT_PROTOTYPES = YES;
				CLANG_WARN_SUSPICIOUS_MOVE = YES;
				CLANG_WARN_UNGUARDED_AVAILABILITY = YES_AGGRESSIVE;
				CLANG_WARN_UNREACHABLE_CODE = YES;
				CLANG_WARN__DUPLICATE_METHOD_MATCH = YES;
				COPY_PHASE_STRIP = NO;
				DEBUG_INFORMATION_FORMAT = dwarf;
				ENABLE_STRICT_OBJC_MSGSEND = YES;
				ENABLE_TESTABILITY = YES;
				GCC_C_LANGUAGE_STANDARD = gnu11;
				GCC_DYNAMIC_NO_PIC = NO;
				GCC_NO_COMMON_BLOCKS = YES;
				GCC_OPTIMIZATION_LEVEL = 0;
				GCC_PREPROCESSOR_DEFINITIONS = (
					"DEBUG=1",
					"$(inherited)",
				);
				GCC_WARN_64_TO_32_BIT_CONVERSION = YES;
				GCC_WARN_ABOUT_RETURN_TYPE = YES_ERROR;
				GCC_WARN_UNDECLARED_SELECTOR = YES;
				GCC_WARN_UNINITIALIZED_AUTOS = YES_AGGRESSIVE;
				GCC_WARN_UNUSED_FUNCTION = YES;
				GCC_WARN_UNUSED_VARIABLE = YES;
				MTL_ENABLE_DEBUG_INFO = INCLUDE_SOURCE;
				MTL_FAST_MATH = YES;
				ONLY_ACTIVE_ARCH = YES;
				SWIFT_ACTIVE_COMPILATION_CONDITIONS = DEBUG;
				SWIFT_OPTIMIZATION_LEVEL = "-Onone";
			};
			name = Debug;
		};
		44B777262749C1F600759104 /* Release */ = {
			isa = XCBuildConfiguration;
			buildSettings = {
				ALWAYS_SEARCH_USER_PATHS = NO;
				CLANG_ANALYZER_NONNULL = YES;
				CLANG_ANALYZER_NUMBER_OBJECT_CONVERSION = YES_AGGRESSIVE;
				CLANG_CXX_LANGUAGE_STANDARD = "gnu++17";
				CLANG_CXX_LIBRARY = "libc++";
				CLANG_ENABLE_MODULES = YES;
				CLANG_ENABLE_OBJC_ARC = YES;
				CLANG_ENABLE_OBJC_WEAK = YES;
				CLANG_WARN_BLOCK_CAPTURE_AUTORELEASING = YES;
				CLANG_WARN_BOOL_CONVERSION = YES;
				CLANG_WARN_COMMA = YES;
				CLANG_WARN_CONSTANT_CONVERSION = YES;
				CLANG_WARN_DEPRECATED_OBJC_IMPLEMENTATIONS = YES;
				CLANG_WARN_DIRECT_OBJC_ISA_USAGE = YES_ERROR;
				CLANG_WARN_DOCUMENTATION_COMMENTS = YES;
				CLANG_WARN_EMPTY_BODY = YES;
				CLANG_WARN_ENUM_CONVERSION = YES;
				CLANG_WARN_INFINITE_RECURSION = YES;
				CLANG_WARN_INT_CONVERSION = YES;
				CLANG_WARN_NON_LITERAL_NULL_CONVERSION = YES;
				CLANG_WARN_OBJC_IMPLICIT_RETAIN_SELF = YES;
				CLANG_WARN_OBJC_LITERAL_CONVERSION = YES;
				CLANG_WARN_OBJC_ROOT_CLASS = YES_ERROR;
				CLANG_WARN_QUOTED_INCLUDE_IN_FRAMEWORK_HEADER = YES;
				CLANG_WARN_RANGE_LOOP_ANALYSIS = YES;
				CLANG_WARN_STRICT_PROTOTYPES = YES;
				CLANG_WARN_SUSPICIOUS_MOVE = YES;
				CLANG_WARN_UNGUARDED_AVAILABILITY = YES_AGGRESSIVE;
				CLANG_WARN_UNREACHABLE_CODE = YES;
				CLANG_WARN__DUPLICATE_METHOD_MATCH = YES;
				COPY_PHASE_STRIP = NO;
				DEBUG_INFORMATION_FORMAT = "dwarf-with-dsym";
				ENABLE_NS_ASSERTIONS = NO;
				ENABLE_STRICT_OBJC_MSGSEND = YES;
				GCC_C_LANGUAGE_STANDARD = gnu11;
				GCC_NO_COMMON_BLOCKS = YES;
				GCC_WARN_64_TO_32_BIT_CONVERSION = YES;
				GCC_WARN_ABOUT_RETURN_TYPE = YES_ERROR;
				GCC_WARN_UNDECLARED_SELECTOR = YES;
				GCC_WARN_UNINITIALIZED_AUTOS = YES_AGGRESSIVE;
				GCC_WARN_UNUSED_FUNCTION = YES;
				GCC_WARN_UNUSED_VARIABLE = YES;
				MTL_ENABLE_DEBUG_INFO = NO;
				MTL_FAST_MATH = YES;
				SWIFT_COMPILATION_MODE = wholemodule;
				SWIFT_OPTIMIZATION_LEVEL = "-O";
			};
			name = Release;
		};
		44B777282749C1F600759104 /* Debug */ = {
			isa = XCBuildConfiguration;
			buildSettings = {
				ASSETCATALOG_COMPILER_APPICON_NAME = AppIcon;
				ASSETCATALOG_COMPILER_GLOBAL_ACCENT_COLOR_NAME = AccentColor;
				CODE_SIGN_STYLE = Automatic;
				CURRENT_PROJECT_VERSION = 1;
				DEVELOPMENT_TEAM = 4649CZF8U2;
				ENABLE_PREVIEWS = YES;
				GENERATE_INFOPLIST_FILE = YES;
				INFOPLIST_KEY_UIApplicationSceneManifest_Generation = YES;
				INFOPLIST_KEY_UIApplicationSupportsIndirectInputEvents = YES;
				INFOPLIST_KEY_UILaunchScreen_Generation = YES;
				INFOPLIST_KEY_UISupportedInterfaceOrientations_iPad = "UIInterfaceOrientationPortrait UIInterfaceOrientationPortraitUpsideDown UIInterfaceOrientationLandscapeLeft UIInterfaceOrientationLandscapeRight";
				INFOPLIST_KEY_UISupportedInterfaceOrientations_iPhone = "UIInterfaceOrientationPortrait UIInterfaceOrientationLandscapeLeft UIInterfaceOrientationLandscapeRight";
				IPHONEOS_DEPLOYMENT_TARGET = 15.0;
				LD_RUNPATH_SEARCH_PATHS = (
					"$(inherited)",
					"@executable_path/Frameworks",
				);
				MARKETING_VERSION = 1.0;
				PRODUCT_BUNDLE_IDENTIFIER = codepathFellow.foodpath;
				PRODUCT_NAME = foodpath;
				SDKROOT = iphoneos;
				SWIFT_EMIT_LOC_STRINGS = YES;
				SWIFT_VERSION = 5.0;
				TARGETED_DEVICE_FAMILY = "1,2";
			};
			name = Debug;
		};
		44B777292749C1F600759104 /* Release */ = {
			isa = XCBuildConfiguration;
			buildSettings = {
				ASSETCATALOG_COMPILER_APPICON_NAME = AppIcon;
				ASSETCATALOG_COMPILER_GLOBAL_ACCENT_COLOR_NAME = AccentColor;
				CODE_SIGN_STYLE = Automatic;
				CURRENT_PROJECT_VERSION = 1;
				DEVELOPMENT_TEAM = 4649CZF8U2;
				ENABLE_PREVIEWS = YES;
				GENERATE_INFOPLIST_FILE = YES;
				INFOPLIST_KEY_UIApplicationSceneManifest_Generation = YES;
				INFOPLIST_KEY_UIApplicationSupportsIndirectInputEvents = YES;
				INFOPLIST_KEY_UILaunchScreen_Generation = YES;
				INFOPLIST_KEY_UISupportedInterfaceOrientations_iPad = "UIInterfaceOrientationPortrait UIInterfaceOrientationPortraitUpsideDown UIInterfaceOrientationLandscapeLeft UIInterfaceOrientationLandscapeRight";
				INFOPLIST_KEY_UISupportedInterfaceOrientations_iPhone = "UIInterfaceOrientationPortrait UIInterfaceOrientationLandscapeLeft UIInterfaceOrientationLandscapeRight";
				IPHONEOS_DEPLOYMENT_TARGET = 15.0;
				LD_RUNPATH_SEARCH_PATHS = (
					"$(inherited)",
					"@executable_path/Frameworks",
				);
				MARKETING_VERSION = 1.0;
				PRODUCT_BUNDLE_IDENTIFIER = codepathFellow.foodpath;
				PRODUCT_NAME = foodpath;
				SDKROOT = iphoneos;
				SWIFT_EMIT_LOC_STRINGS = YES;
				SWIFT_VERSION = 5.0;
				TARGETED_DEVICE_FAMILY = "1,2";
				VALIDATE_PRODUCT = YES;
			};
			name = Release;
		};
		44B7772B2749C1F600759104 /* Debug */ = {
			isa = XCBuildConfiguration;
			buildSettings = {
				ASSETCATALOG_COMPILER_APPICON_NAME = AppIcon;
				ASSETCATALOG_COMPILER_GLOBAL_ACCENT_COLOR_NAME = AccentColor;
				CODE_SIGN_ENTITLEMENTS = macOS/macOS.entitlements;
				CODE_SIGN_STYLE = Automatic;
				COMBINE_HIDPI_IMAGES = YES;
				CURRENT_PROJECT_VERSION = 1;
				DEVELOPMENT_TEAM = 4649CZF8U2;
				ENABLE_HARDENED_RUNTIME = YES;
				ENABLE_PREVIEWS = YES;
				GENERATE_INFOPLIST_FILE = YES;
				INFOPLIST_KEY_NSHumanReadableCopyright = "";
				LD_RUNPATH_SEARCH_PATHS = (
					"$(inherited)",
					"@executable_path/../Frameworks",
				);
				MACOSX_DEPLOYMENT_TARGET = 11.6;
				MARKETING_VERSION = 1.0;
				PRODUCT_BUNDLE_IDENTIFIER = codepathFellow.foodpath;
				PRODUCT_NAME = foodpath;
				SDKROOT = macosx;
				SWIFT_EMIT_LOC_STRINGS = YES;
				SWIFT_VERSION = 5.0;
			};
			name = Debug;
		};
		44B7772C2749C1F600759104 /* Release */ = {
			isa = XCBuildConfiguration;
			buildSettings = {
				ASSETCATALOG_COMPILER_APPICON_NAME = AppIcon;
				ASSETCATALOG_COMPILER_GLOBAL_ACCENT_COLOR_NAME = AccentColor;
				CODE_SIGN_ENTITLEMENTS = macOS/macOS.entitlements;
				CODE_SIGN_STYLE = Automatic;
				COMBINE_HIDPI_IMAGES = YES;
				CURRENT_PROJECT_VERSION = 1;
				DEVELOPMENT_TEAM = 4649CZF8U2;
				ENABLE_HARDENED_RUNTIME = YES;
				ENABLE_PREVIEWS = YES;
				GENERATE_INFOPLIST_FILE = YES;
				INFOPLIST_KEY_NSHumanReadableCopyright = "";
				LD_RUNPATH_SEARCH_PATHS = (
					"$(inherited)",
					"@executable_path/../Frameworks",
				);
				MACOSX_DEPLOYMENT_TARGET = 11.6;
				MARKETING_VERSION = 1.0;
				PRODUCT_BUNDLE_IDENTIFIER = codepathFellow.foodpath;
				PRODUCT_NAME = foodpath;
				SDKROOT = macosx;
				SWIFT_EMIT_LOC_STRINGS = YES;
				SWIFT_VERSION = 5.0;
			};
			name = Release;
		};
		44B7772E2749C1F600759104 /* Debug */ = {
			isa = XCBuildConfiguration;
			buildSettings = {
				ALWAYS_EMBED_SWIFT_STANDARD_LIBRARIES = YES;
				CODE_SIGN_STYLE = Automatic;
				CURRENT_PROJECT_VERSION = 1;
				DEVELOPMENT_TEAM = 4649CZF8U2;
				GENERATE_INFOPLIST_FILE = YES;
				IPHONEOS_DEPLOYMENT_TARGET = 15.0;
				LD_RUNPATH_SEARCH_PATHS = (
					"$(inherited)",
					"@executable_path/Frameworks",
					"@loader_path/Frameworks",
				);
				MARKETING_VERSION = 1.0;
				PRODUCT_BUNDLE_IDENTIFIER = "codepathFellow.Tests-iOS";
				PRODUCT_NAME = "$(TARGET_NAME)";
				SDKROOT = iphoneos;
				SWIFT_EMIT_LOC_STRINGS = NO;
				SWIFT_VERSION = 5.0;
				TARGETED_DEVICE_FAMILY = "1,2";
				TEST_TARGET_NAME = "foodpath (iOS)";
			};
			name = Debug;
		};
		44B7772F2749C1F600759104 /* Release */ = {
			isa = XCBuildConfiguration;
			buildSettings = {
				ALWAYS_EMBED_SWIFT_STANDARD_LIBRARIES = YES;
				CODE_SIGN_STYLE = Automatic;
				CURRENT_PROJECT_VERSION = 1;
				DEVELOPMENT_TEAM = 4649CZF8U2;
				GENERATE_INFOPLIST_FILE = YES;
				IPHONEOS_DEPLOYMENT_TARGET = 15.0;
				LD_RUNPATH_SEARCH_PATHS = (
					"$(inherited)",
					"@executable_path/Frameworks",
					"@loader_path/Frameworks",
				);
				MARKETING_VERSION = 1.0;
				PRODUCT_BUNDLE_IDENTIFIER = "codepathFellow.Tests-iOS";
				PRODUCT_NAME = "$(TARGET_NAME)";
				SDKROOT = iphoneos;
				SWIFT_EMIT_LOC_STRINGS = NO;
				SWIFT_VERSION = 5.0;
				TARGETED_DEVICE_FAMILY = "1,2";
				TEST_TARGET_NAME = "foodpath (iOS)";
				VALIDATE_PRODUCT = YES;
			};
			name = Release;
		};
		44B777312749C1F600759104 /* Debug */ = {
			isa = XCBuildConfiguration;
			buildSettings = {
				ALWAYS_EMBED_SWIFT_STANDARD_LIBRARIES = YES;
				CODE_SIGN_STYLE = Automatic;
				COMBINE_HIDPI_IMAGES = YES;
				CURRENT_PROJECT_VERSION = 1;
				DEVELOPMENT_TEAM = 4649CZF8U2;
				GENERATE_INFOPLIST_FILE = YES;
				LD_RUNPATH_SEARCH_PATHS = (
					"$(inherited)",
					"@executable_path/../Frameworks",
					"@loader_path/../Frameworks",
				);
				MACOSX_DEPLOYMENT_TARGET = 11.6;
				MARKETING_VERSION = 1.0;
				PRODUCT_BUNDLE_IDENTIFIER = "codepathFellow.Tests-macOS";
				PRODUCT_NAME = "$(TARGET_NAME)";
				SDKROOT = macosx;
				SWIFT_EMIT_LOC_STRINGS = NO;
				SWIFT_VERSION = 5.0;
				TEST_TARGET_NAME = "foodpath (macOS)";
			};
			name = Debug;
		};
		44B777322749C1F600759104 /* Release */ = {
			isa = XCBuildConfiguration;
			buildSettings = {
				ALWAYS_EMBED_SWIFT_STANDARD_LIBRARIES = YES;
				CODE_SIGN_STYLE = Automatic;
				COMBINE_HIDPI_IMAGES = YES;
				CURRENT_PROJECT_VERSION = 1;
				DEVELOPMENT_TEAM = 4649CZF8U2;
				GENERATE_INFOPLIST_FILE = YES;
				LD_RUNPATH_SEARCH_PATHS = (
					"$(inherited)",
					"@executable_path/../Frameworks",
					"@loader_path/../Frameworks",
				);
				MACOSX_DEPLOYMENT_TARGET = 11.6;
				MARKETING_VERSION = 1.0;
				PRODUCT_BUNDLE_IDENTIFIER = "codepathFellow.Tests-macOS";
				PRODUCT_NAME = "$(TARGET_NAME)";
				SDKROOT = macosx;
				SWIFT_EMIT_LOC_STRINGS = NO;
				SWIFT_VERSION = 5.0;
				TEST_TARGET_NAME = "foodpath (macOS)";
			};
			name = Release;
		};
/* End XCBuildConfiguration section */

/* Begin XCConfigurationList section */
		44B776F52749C1F500759104 /* Build configuration list for PBXProject "foodpath" */ = {
			isa = XCConfigurationList;
			buildConfigurations = (
				44B777252749C1F600759104 /* Debug */,
				44B777262749C1F600759104 /* Release */,
			);
			defaultConfigurationIsVisible = 0;
			defaultConfigurationName = Release;
		};
		44B777272749C1F600759104 /* Build configuration list for PBXNativeTarget "foodpath (iOS)" */ = {
			isa = XCConfigurationList;
			buildConfigurations = (
				44B777282749C1F600759104 /* Debug */,
				44B777292749C1F600759104 /* Release */,
			);
			defaultConfigurationIsVisible = 0;
			defaultConfigurationName = Release;
		};
		44B7772A2749C1F600759104 /* Build configuration list for PBXNativeTarget "foodpath (macOS)" */ = {
			isa = XCConfigurationList;
			buildConfigurations = (
				44B7772B2749C1F600759104 /* Debug */,
				44B7772C2749C1F600759104 /* Release */,
			);
			defaultConfigurationIsVisible = 0;
			defaultConfigurationName = Release;
		};
		44B7772D2749C1F600759104 /* Build configuration list for PBXNativeTarget "Tests iOS" */ = {
			isa = XCConfigurationList;
			buildConfigurations = (
				44B7772E2749C1F600759104 /* Debug */,
				44B7772F2749C1F600759104 /* Release */,
			);
			defaultConfigurationIsVisible = 0;
			defaultConfigurationName = Release;
		};
		44B777302749C1F600759104 /* Build configuration list for PBXNativeTarget "Tests macOS" */ = {
			isa = XCConfigurationList;
			buildConfigurations = (
				44B777312749C1F600759104 /* Debug */,
				44B777322749C1F600759104 /* Release */,
			);
			defaultConfigurationIsVisible = 0;
			defaultConfigurationName = Release;
		};
/* End XCConfigurationList section */
	};
	rootObject = 44B776F22749C1F500759104 /* Project object */;
}
